// !$*UTF8*$!
{
	archiveVersion = 1;
	classes = {
	};
	objectVersion = 56;
	objects = {

/* Begin PBXBuildFile section */
		78607D172C6124EC008AA26B /* PersonalizeOptionVC.xib in Resources */ = {isa = PBXBuildFile; fileRef = 78607D162C6124EC008AA26B /* PersonalizeOptionVC.xib */; };
		78607D182C6124EC008AA26B /* PersonalizeOptionVC.swift in Sources */ = {isa = PBXBuildFile; fileRef = 78607D152C6124EC008AA26B /* PersonalizeOptionVC.swift */; };
		786896C12C637D590038B60C /* PersonalizeRecipesCell.xib in Resources */ = {isa = PBXBuildFile; fileRef = 786896C02C637D590038B60C /* PersonalizeRecipesCell.xib */; };
		786896C22C637D590038B60C /* PersonalizeRecipesCell.swift in Sources */ = {isa = PBXBuildFile; fileRef = 786896BF2C637D590038B60C /* PersonalizeRecipesCell.swift */; };
		786896C42C637DBB0038B60C /* UICollectionView.swift in Sources */ = {isa = PBXBuildFile; fileRef = 786896C32C637DBB0038B60C /* UICollectionView.swift */; };
		786896C62C637DF20038B60C /* NSObject.swift in Sources */ = {isa = PBXBuildFile; fileRef = 786896C52C637DF20038B60C /* NSObject.swift */; };
		786896C82C63803A0038B60C /* UIView.swift in Sources */ = {isa = PBXBuildFile; fileRef = 786896C72C63803A0038B60C /* UIView.swift */; };
		7880082B2C627E6400AA1EEA /* Fonts.swift in Sources */ = {isa = PBXBuildFile; fileRef = 7880082A2C627E6400AA1EEA /* Fonts.swift */; };
		7880082D2C627EF500AA1EEA /* Colors.swift in Sources */ = {isa = PBXBuildFile; fileRef = 7880082C2C627EF500AA1EEA /* Colors.swift */; };
		7880082F2C627F2F00AA1EEA /* UIColor.swift in Sources */ = {isa = PBXBuildFile; fileRef = 7880082E2C627F2F00AA1EEA /* UIColor.swift */; };
		788008312C62867F00AA1EEA /* UIButton.swift in Sources */ = {isa = PBXBuildFile; fileRef = 788008302C62867F00AA1EEA /* UIButton.swift */; };
		788008352C62900500AA1EEA /* DynamicHeightCV.swift in Sources */ = {isa = PBXBuildFile; fileRef = 788008342C62900500AA1EEA /* DynamicHeightCV.swift */; };
		FE2636BC2C5FF32E00B907CC /* AppDelegate.swift in Sources */ = {isa = PBXBuildFile; fileRef = FE2636BB2C5FF32E00B907CC /* AppDelegate.swift */; };
		FE2636BE2C5FF32E00B907CC /* SceneDelegate.swift in Sources */ = {isa = PBXBuildFile; fileRef = FE2636BD2C5FF32E00B907CC /* SceneDelegate.swift */; };
		FE2636C02C5FF32E00B907CC /* ViewController.swift in Sources */ = {isa = PBXBuildFile; fileRef = FE2636BF2C5FF32E00B907CC /* ViewController.swift */; };
		FE2636C32C5FF32E00B907CC /* Base in Resources */ = {isa = PBXBuildFile; fileRef = FE2636C22C5FF32E00B907CC /* Base */; };
		FE2636C52C5FF32F00B907CC /* Assets.xcassets in Resources */ = {isa = PBXBuildFile; fileRef = FE2636C42C5FF32F00B907CC /* Assets.xcassets */; };
		FE2636C82C5FF32F00B907CC /* Base in Resources */ = {isa = PBXBuildFile; fileRef = FE2636C72C5FF32F00B907CC /* Base */; };
		FE2636DA2C5FF58C00B907CC /* IQKeyboardManagerSwift in Frameworks */ = {isa = PBXBuildFile; productRef = FE2636D92C5FF58C00B907CC /* IQKeyboardManagerSwift */; };
		FE2636E02C5FF76800B907CC /* Poppins-SemiBold.ttf in Resources */ = {isa = PBXBuildFile; fileRef = FE2636DC2C5FF76800B907CC /* Poppins-SemiBold.ttf */; };
		FE2636E12C5FF76800B907CC /* Poppins-Medium.ttf in Resources */ = {isa = PBXBuildFile; fileRef = FE2636DD2C5FF76800B907CC /* Poppins-Medium.ttf */; };
		FE2636E22C5FF76800B907CC /* Poppins-Bold.ttf in Resources */ = {isa = PBXBuildFile; fileRef = FE2636DE2C5FF76800B907CC /* Poppins-Bold.ttf */; };
		FE2636E32C5FF76800B907CC /* Poppins-Regular.ttf in Resources */ = {isa = PBXBuildFile; fileRef = FE2636DF2C5FF76800B907CC /* Poppins-Regular.ttf */; };
/* End PBXBuildFile section */

/* Begin PBXFileReference section */
		78607D152C6124EC008AA26B /* PersonalizeOptionVC.swift */ = {isa = PBXFileReference; lastKnownFileType = sourcecode.swift; path = PersonalizeOptionVC.swift; sourceTree = "<group>"; };
		78607D162C6124EC008AA26B /* PersonalizeOptionVC.xib */ = {isa = PBXFileReference; lastKnownFileType = file.xib; path = PersonalizeOptionVC.xib; sourceTree = "<group>"; };
		786896BF2C637D590038B60C /* PersonalizeRecipesCell.swift */ = {isa = PBXFileReference; lastKnownFileType = sourcecode.swift; path = PersonalizeRecipesCell.swift; sourceTree = "<group>"; };
		786896C02C637D590038B60C /* PersonalizeRecipesCell.xib */ = {isa = PBXFileReference; lastKnownFileType = file.xib; path = PersonalizeRecipesCell.xib; sourceTree = "<group>"; };
		786896C32C637DBB0038B60C /* UICollectionView.swift */ = {isa = PBXFileReference; lastKnownFileType = sourcecode.swift; path = UICollectionView.swift; sourceTree = "<group>"; };
		786896C52C637DF20038B60C /* NSObject.swift */ = {isa = PBXFileReference; lastKnownFileType = sourcecode.swift; path = NSObject.swift; sourceTree = "<group>"; };
		786896C72C63803A0038B60C /* UIView.swift */ = {isa = PBXFileReference; lastKnownFileType = sourcecode.swift; path = UIView.swift; sourceTree = "<group>"; };
		7880082A2C627E6400AA1EEA /* Fonts.swift */ = {isa = PBXFileReference; lastKnownFileType = sourcecode.swift; path = Fonts.swift; sourceTree = "<group>"; };
		7880082C2C627EF500AA1EEA /* Colors.swift */ = {isa = PBXFileReference; lastKnownFileType = sourcecode.swift; path = Colors.swift; sourceTree = "<group>"; };
		7880082E2C627F2F00AA1EEA /* UIColor.swift */ = {isa = PBXFileReference; lastKnownFileType = sourcecode.swift; path = UIColor.swift; sourceTree = "<group>"; };
		788008302C62867F00AA1EEA /* UIButton.swift */ = {isa = PBXFileReference; lastKnownFileType = sourcecode.swift; path = UIButton.swift; sourceTree = "<group>"; };
		788008342C62900500AA1EEA /* DynamicHeightCV.swift */ = {isa = PBXFileReference; lastKnownFileType = sourcecode.swift; path = DynamicHeightCV.swift; sourceTree = "<group>"; };
		FE2636B82C5FF32E00B907CC /* Recipe.app */ = {isa = PBXFileReference; explicitFileType = wrapper.application; includeInIndex = 0; path = Recipe.app; sourceTree = BUILT_PRODUCTS_DIR; };
		FE2636BB2C5FF32E00B907CC /* AppDelegate.swift */ = {isa = PBXFileReference; lastKnownFileType = sourcecode.swift; path = AppDelegate.swift; sourceTree = "<group>"; };
		FE2636BD2C5FF32E00B907CC /* SceneDelegate.swift */ = {isa = PBXFileReference; lastKnownFileType = sourcecode.swift; path = SceneDelegate.swift; sourceTree = "<group>"; };
		FE2636BF2C5FF32E00B907CC /* ViewController.swift */ = {isa = PBXFileReference; lastKnownFileType = sourcecode.swift; path = ViewController.swift; sourceTree = "<group>"; };
		FE2636C22C5FF32E00B907CC /* Base */ = {isa = PBXFileReference; lastKnownFileType = file.storyboard; name = Base; path = Base.lproj/Main.storyboard; sourceTree = "<group>"; };
		FE2636C42C5FF32F00B907CC /* Assets.xcassets */ = {isa = PBXFileReference; lastKnownFileType = folder.assetcatalog; path = Assets.xcassets; sourceTree = "<group>"; };
		FE2636C72C5FF32F00B907CC /* Base */ = {isa = PBXFileReference; lastKnownFileType = file.storyboard; name = Base; path = Base.lproj/LaunchScreen.storyboard; sourceTree = "<group>"; };
		FE2636C92C5FF32F00B907CC /* Info.plist */ = {isa = PBXFileReference; lastKnownFileType = text.plist.xml; path = Info.plist; sourceTree = "<group>"; };
		FE2636DC2C5FF76800B907CC /* Poppins-SemiBold.ttf */ = {isa = PBXFileReference; lastKnownFileType = file; path = "Poppins-SemiBold.ttf"; sourceTree = "<group>"; };
		FE2636DD2C5FF76800B907CC /* Poppins-Medium.ttf */ = {isa = PBXFileReference; lastKnownFileType = file; path = "Poppins-Medium.ttf"; sourceTree = "<group>"; };
		FE2636DE2C5FF76800B907CC /* Poppins-Bold.ttf */ = {isa = PBXFileReference; lastKnownFileType = file; path = "Poppins-Bold.ttf"; sourceTree = "<group>"; };
		FE2636DF2C5FF76800B907CC /* Poppins-Regular.ttf */ = {isa = PBXFileReference; lastKnownFileType = file; path = "Poppins-Regular.ttf"; sourceTree = "<group>"; };
/* End PBXFileReference section */

/* Begin PBXFrameworksBuildPhase section */
		FE2636B52C5FF32E00B907CC /* Frameworks */ = {
			isa = PBXFrameworksBuildPhase;
			buildActionMask = 2147483647;
			files = (
				FE2636DA2C5FF58C00B907CC /* IQKeyboardManagerSwift in Frameworks */,
			);
			runOnlyForDeploymentPostprocessing = 0;
		};
/* End PBXFrameworksBuildPhase section */

/* Begin PBXGroup section */
		78607D142C6124AA008AA26B /* PersonalizeOptions */ = {
			isa = PBXGroup;
			children = (
				78607D152C6124EC008AA26B /* PersonalizeOptionVC.swift */,
				78607D162C6124EC008AA26B /* PersonalizeOptionVC.xib */,
			);
			path = PersonalizeOptions;
			sourceTree = "<group>";
		};
		786896BD2C637D2E0038B60C /* CollectionView */ = {
			isa = PBXGroup;
			children = (
				786896BE2C637D340038B60C /* Cell */,
			);
			path = CollectionView;
			sourceTree = "<group>";
		};
		786896BE2C637D340038B60C /* Cell */ = {
			isa = PBXGroup;
			children = (
				786896BF2C637D590038B60C /* PersonalizeRecipesCell.swift */,
				786896C02C637D590038B60C /* PersonalizeRecipesCell.xib */,
			);
			path = Cell;
			sourceTree = "<group>";
		};
		788008292C627E0500AA1EEA /* Extensions */ = {
			isa = PBXGroup;
			children = (
				7880082A2C627E6400AA1EEA /* Fonts.swift */,
				7880082C2C627EF500AA1EEA /* Colors.swift */,
				7880082E2C627F2F00AA1EEA /* UIColor.swift */,
				788008302C62867F00AA1EEA /* UIButton.swift */,
				786896C32C637DBB0038B60C /* UICollectionView.swift */,
				786896C52C637DF20038B60C /* NSObject.swift */,
				786896C72C63803A0038B60C /* UIView.swift */,
			);
			path = Extensions;
			sourceTree = "<group>";
		};
		788008322C628FE600AA1EEA /* CommonUI */ = {
			isa = PBXGroup;
			children = (
				788008332C628FED00AA1EEA /* CustomViews */,
			);
			path = CommonUI;
			sourceTree = "<group>";
		};
		788008332C628FED00AA1EEA /* CustomViews */ = {
			isa = PBXGroup;
			children = (
				788008342C62900500AA1EEA /* DynamicHeightCV.swift */,
			);
			path = CustomViews;
			sourceTree = "<group>";
		};
		FE2636AF2C5FF32D00B907CC = {
			isa = PBXGroup;
			children = (
				FE2636BA2C5FF32E00B907CC /* Recipe */,
				FE2636B92C5FF32E00B907CC /* Products */,
			);
			sourceTree = "<group>";
		};
		FE2636B92C5FF32E00B907CC /* Products */ = {
			isa = PBXGroup;
			children = (
				FE2636B82C5FF32E00B907CC /* Recipe.app */,
			);
			name = Products;
			sourceTree = "<group>";
		};
		FE2636BA2C5FF32E00B907CC /* Recipe */ = {
			isa = PBXGroup;
			children = (
				788008322C628FE600AA1EEA /* CommonUI */,
				788008292C627E0500AA1EEA /* Extensions */,
				FE2636D02C5FF34800B907CC /* Views */,
				FE2636D12C5FF36300B907CC /* Storyboards */,
				FE2636CF2C5FF33900B907CC /* Application */,
				FE2636D42C5FF38C00B907CC /* Resources */,
				FE2636C92C5FF32F00B907CC /* Info.plist */,
			);
			path = Recipe;
			sourceTree = "<group>";
		};
		FE2636CF2C5FF33900B907CC /* Application */ = {
			isa = PBXGroup;
			children = (
				FE2636BB2C5FF32E00B907CC /* AppDelegate.swift */,
				FE2636BD2C5FF32E00B907CC /* SceneDelegate.swift */,
			);
			path = Application;
			sourceTree = "<group>";
		};
		FE2636D02C5FF34800B907CC /* Views */ = {
			isa = PBXGroup;
			children = (
				786896BD2C637D2E0038B60C /* CollectionView */,
				78607D142C6124AA008AA26B /* PersonalizeOptions */,
				FE2636BF2C5FF32E00B907CC /* ViewController.swift */,
			);
			path = Views;
			sourceTree = "<group>";
		};
		FE2636D12C5FF36300B907CC /* Storyboards */ = {
			isa = PBXGroup;
			children = (
				FE2636C12C5FF32E00B907CC /* Main.storyboard */,
				FE2636C62C5FF32F00B907CC /* LaunchScreen.storyboard */,
			);
			path = Storyboards;
			sourceTree = "<group>";
		};
		FE2636D42C5FF38C00B907CC /* Resources */ = {
			isa = PBXGroup;
			children = (
				FE2636DB2C5FF75400B907CC /* Fonts */,
				FE2636C42C5FF32F00B907CC /* Assets.xcassets */,
			);
			path = Resources;
			sourceTree = "<group>";
		};
		FE2636DB2C5FF75400B907CC /* Fonts */ = {
			isa = PBXGroup;
			children = (
				FE2636DE2C5FF76800B907CC /* Poppins-Bold.ttf */,
				FE2636DD2C5FF76800B907CC /* Poppins-Medium.ttf */,
				FE2636DF2C5FF76800B907CC /* Poppins-Regular.ttf */,
				FE2636DC2C5FF76800B907CC /* Poppins-SemiBold.ttf */,
			);
			path = Fonts;
			sourceTree = "<group>";
		};
/* End PBXGroup section */

/* Begin PBXNativeTarget section */
		FE2636B72C5FF32E00B907CC /* Recipe */ = {
			isa = PBXNativeTarget;
			buildConfigurationList = FE2636CC2C5FF32F00B907CC /* Build configuration list for PBXNativeTarget "Recipe" */;
			buildPhases = (
				FE2636B42C5FF32E00B907CC /* Sources */,
				FE2636B52C5FF32E00B907CC /* Frameworks */,
				FE2636B62C5FF32E00B907CC /* Resources */,
			);
			buildRules = (
			);
			dependencies = (
			);
			name = Recipe;
			packageProductDependencies = (
				FE2636D92C5FF58C00B907CC /* IQKeyboardManagerSwift */,
			);
			productName = Recipe;
			productReference = FE2636B82C5FF32E00B907CC /* Recipe.app */;
			productType = "com.apple.product-type.application";
		};
/* End PBXNativeTarget section */

/* Begin PBXProject section */
		FE2636B02C5FF32D00B907CC /* Project object */ = {
			isa = PBXProject;
			attributes = {
				BuildIndependentTargetsInParallel = 1;
				LastSwiftUpdateCheck = 1540;
				LastUpgradeCheck = 1540;
				TargetAttributes = {
					FE2636B72C5FF32E00B907CC = {
						CreatedOnToolsVersion = 15.4;
					};
				};
			};
			buildConfigurationList = FE2636B32C5FF32D00B907CC /* Build configuration list for PBXProject "Recipe" */;
			compatibilityVersion = "Xcode 14.0";
			developmentRegion = en;
			hasScannedForEncodings = 0;
			knownRegions = (
				en,
				Base,
			);
			mainGroup = FE2636AF2C5FF32D00B907CC;
			packageReferences = (
				FE2636D82C5FF58C00B907CC /* XCRemoteSwiftPackageReference "IQKeyboardManager" */,
			);
			productRefGroup = FE2636B92C5FF32E00B907CC /* Products */;
			projectDirPath = "";
			projectRoot = "";
			targets = (
				FE2636B72C5FF32E00B907CC /* Recipe */,
			);
		};
/* End PBXProject section */

/* Begin PBXResourcesBuildPhase section */
		FE2636B62C5FF32E00B907CC /* Resources */ = {
			isa = PBXResourcesBuildPhase;
			buildActionMask = 2147483647;
			files = (
				FE2636C52C5FF32F00B907CC /* Assets.xcassets in Resources */,
				FE2636E22C5FF76800B907CC /* Poppins-Bold.ttf in Resources */,
				786896C12C637D590038B60C /* PersonalizeRecipesCell.xib in Resources */,
				FE2636E32C5FF76800B907CC /* Poppins-Regular.ttf in Resources */,
				FE2636E02C5FF76800B907CC /* Poppins-SemiBold.ttf in Resources */,
				FE2636C82C5FF32F00B907CC /* Base in Resources */,
				FE2636C32C5FF32E00B907CC /* Base in Resources */,
				78607D172C6124EC008AA26B /* PersonalizeOptionVC.xib in Resources */,
				FE2636E12C5FF76800B907CC /* Poppins-Medium.ttf in Resources */,
			);
			runOnlyForDeploymentPostprocessing = 0;
		};
/* End PBXResourcesBuildPhase section */

/* Begin PBXSourcesBuildPhase section */
		FE2636B42C5FF32E00B907CC /* Sources */ = {
			isa = PBXSourcesBuildPhase;
			buildActionMask = 2147483647;
			files = (
				786896C82C63803A0038B60C /* UIView.swift in Sources */,
				FE2636C02C5FF32E00B907CC /* ViewController.swift in Sources */,
				7880082F2C627F2F00AA1EEA /* UIColor.swift in Sources */,
				788008352C62900500AA1EEA /* DynamicHeightCV.swift in Sources */,
				7880082D2C627EF500AA1EEA /* Colors.swift in Sources */,
				788008312C62867F00AA1EEA /* UIButton.swift in Sources */,
				7880082B2C627E6400AA1EEA /* Fonts.swift in Sources */,
				786896C22C637D590038B60C /* PersonalizeRecipesCell.swift in Sources */,
				FE2636BC2C5FF32E00B907CC /* AppDelegate.swift in Sources */,
				78607D182C6124EC008AA26B /* PersonalizeOptionVC.swift in Sources */,
				786896C62C637DF20038B60C /* NSObject.swift in Sources */,
				786896C42C637DBB0038B60C /* UICollectionView.swift in Sources */,
				FE2636BE2C5FF32E00B907CC /* SceneDelegate.swift in Sources */,
			);
			runOnlyForDeploymentPostprocessing = 0;
		};
/* End PBXSourcesBuildPhase section */

/* Begin PBXVariantGroup section */
		FE2636C12C5FF32E00B907CC /* Main.storyboard */ = {
			isa = PBXVariantGroup;
			children = (
				FE2636C22C5FF32E00B907CC /* Base */,
			);
			name = Main.storyboard;
			sourceTree = "<group>";
		};
		FE2636C62C5FF32F00B907CC /* LaunchScreen.storyboard */ = {
			isa = PBXVariantGroup;
			children = (
				FE2636C72C5FF32F00B907CC /* Base */,
			);
			name = LaunchScreen.storyboard;
			sourceTree = "<group>";
		};
/* End PBXVariantGroup section */

/* Begin XCBuildConfiguration section */
		FE2636CA2C5FF32F00B907CC /* Debug */ = {
			isa = XCBuildConfiguration;
			buildSettings = {
				ALWAYS_SEARCH_USER_PATHS = NO;
				ASSETCATALOG_COMPILER_GENERATE_SWIFT_ASSET_SYMBOL_EXTENSIONS = YES;
				CLANG_ANALYZER_NONNULL = YES;
				CLANG_ANALYZER_NUMBER_OBJECT_CONVERSION = YES_AGGRESSIVE;
				CLANG_CXX_LANGUAGE_STANDARD = "gnu++20";
				CLANG_ENABLE_MODULES = YES;
				CLANG_ENABLE_OBJC_ARC = YES;
				CLANG_ENABLE_OBJC_WEAK = YES;
				CLANG_WARN_BLOCK_CAPTURE_AUTORELEASING = YES;
				CLANG_WARN_BOOL_CONVERSION = YES;
				CLANG_WARN_COMMA = YES;
				CLANG_WARN_CONSTANT_CONVERSION = YES;
				CLANG_WARN_DEPRECATED_OBJC_IMPLEMENTATIONS = YES;
				CLANG_WARN_DIRECT_OBJC_ISA_USAGE = YES_ERROR;
				CLANG_WARN_DOCUMENTATION_COMMENTS = YES;
				CLANG_WARN_EMPTY_BODY = YES;
				CLANG_WARN_ENUM_CONVERSION = YES;
				CLANG_WARN_INFINITE_RECURSION = YES;
				CLANG_WARN_INT_CONVERSION = YES;
				CLANG_WARN_NON_LITERAL_NULL_CONVERSION = YES;
				CLANG_WARN_OBJC_IMPLICIT_RETAIN_SELF = YES;
				CLANG_WARN_OBJC_LITERAL_CONVERSION = YES;
				CLANG_WARN_OBJC_ROOT_CLASS = YES_ERROR;
				CLANG_WARN_QUOTED_INCLUDE_IN_FRAMEWORK_HEADER = YES;
				CLANG_WARN_RANGE_LOOP_ANALYSIS = YES;
				CLANG_WARN_STRICT_PROTOTYPES = YES;
				CLANG_WARN_SUSPICIOUS_MOVE = YES;
				CLANG_WARN_UNGUARDED_AVAILABILITY = YES_AGGRESSIVE;
				CLANG_WARN_UNREACHABLE_CODE = YES;
				CLANG_WARN__DUPLICATE_METHOD_MATCH = YES;
				COPY_PHASE_STRIP = NO;
				DEBUG_INFORMATION_FORMAT = dwarf;
				ENABLE_STRICT_OBJC_MSGSEND = YES;
				ENABLE_TESTABILITY = YES;
				ENABLE_USER_SCRIPT_SANDBOXING = YES;
				GCC_C_LANGUAGE_STANDARD = gnu17;
				GCC_DYNAMIC_NO_PIC = NO;
				GCC_NO_COMMON_BLOCKS = YES;
				GCC_OPTIMIZATION_LEVEL = 0;
				GCC_PREPROCESSOR_DEFINITIONS = (
					"DEBUG=1",
					"$(inherited)",
				);
				GCC_WARN_64_TO_32_BIT_CONVERSION = YES;
				GCC_WARN_ABOUT_RETURN_TYPE = YES_ERROR;
				GCC_WARN_UNDECLARED_SELECTOR = YES;
				GCC_WARN_UNINITIALIZED_AUTOS = YES_AGGRESSIVE;
				GCC_WARN_UNUSED_FUNCTION = YES;
				GCC_WARN_UNUSED_VARIABLE = YES;
				IPHONEOS_DEPLOYMENT_TARGET = 17.5;
				LOCALIZATION_PREFERS_STRING_CATALOGS = YES;
				MTL_ENABLE_DEBUG_INFO = INCLUDE_SOURCE;
				MTL_FAST_MATH = YES;
				ONLY_ACTIVE_ARCH = YES;
				SDKROOT = iphoneos;
				SWIFT_ACTIVE_COMPILATION_CONDITIONS = "DEBUG $(inherited)";
				SWIFT_OPTIMIZATION_LEVEL = "-Onone";
			};
			name = Debug;
		};
		FE2636CB2C5FF32F00B907CC /* Release */ = {
			isa = XCBuildConfiguration;
			buildSettings = {
				ALWAYS_SEARCH_USER_PATHS = NO;
				ASSETCATALOG_COMPILER_GENERATE_SWIFT_ASSET_SYMBOL_EXTENSIONS = YES;
				CLANG_ANALYZER_NONNULL = YES;
				CLANG_ANALYZER_NUMBER_OBJECT_CONVERSION = YES_AGGRESSIVE;
				CLANG_CXX_LANGUAGE_STANDARD = "gnu++20";
				CLANG_ENABLE_MODULES = YES;
				CLANG_ENABLE_OBJC_ARC = YES;
				CLANG_ENABLE_OBJC_WEAK = YES;
				CLANG_WARN_BLOCK_CAPTURE_AUTORELEASING = YES;
				CLANG_WARN_BOOL_CONVERSION = YES;
				CLANG_WARN_COMMA = YES;
				CLANG_WARN_CONSTANT_CONVERSION = YES;
				CLANG_WARN_DEPRECATED_OBJC_IMPLEMENTATIONS = YES;
				CLANG_WARN_DIRECT_OBJC_ISA_USAGE = YES_ERROR;
				CLANG_WARN_DOCUMENTATION_COMMENTS = YES;
				CLANG_WARN_EMPTY_BODY = YES;
				CLANG_WARN_ENUM_CONVERSION = YES;
				CLANG_WARN_INFINITE_RECURSION = YES;
				CLANG_WARN_INT_CONVERSION = YES;
				CLANG_WARN_NON_LITERAL_NULL_CONVERSION = YES;
				CLANG_WARN_OBJC_IMPLICIT_RETAIN_SELF = YES;
				CLANG_WARN_OBJC_LITERAL_CONVERSION = YES;
				CLANG_WARN_OBJC_ROOT_CLASS = YES_ERROR;
				CLANG_WARN_QUOTED_INCLUDE_IN_FRAMEWORK_HEADER = YES;
				CLANG_WARN_RANGE_LOOP_ANALYSIS = YES;
				CLANG_WARN_STRICT_PROTOTYPES = YES;
				CLANG_WARN_SUSPICIOUS_MOVE = YES;
				CLANG_WARN_UNGUARDED_AVAILABILITY = YES_AGGRESSIVE;
				CLANG_WARN_UNREACHABLE_CODE = YES;
				CLANG_WARN__DUPLICATE_METHOD_MATCH = YES;
				COPY_PHASE_STRIP = NO;
				DEBUG_INFORMATION_FORMAT = "dwarf-with-dsym";
				ENABLE_NS_ASSERTIONS = NO;
				ENABLE_STRICT_OBJC_MSGSEND = YES;
				ENABLE_USER_SCRIPT_SANDBOXING = YES;
				GCC_C_LANGUAGE_STANDARD = gnu17;
				GCC_NO_COMMON_BLOCKS = YES;
				GCC_WARN_64_TO_32_BIT_CONVERSION = YES;
				GCC_WARN_ABOUT_RETURN_TYPE = YES_ERROR;
				GCC_WARN_UNDECLARED_SELECTOR = YES;
				GCC_WARN_UNINITIALIZED_AUTOS = YES_AGGRESSIVE;
				GCC_WARN_UNUSED_FUNCTION = YES;
				GCC_WARN_UNUSED_VARIABLE = YES;
				IPHONEOS_DEPLOYMENT_TARGET = 17.5;
				LOCALIZATION_PREFERS_STRING_CATALOGS = YES;
				MTL_ENABLE_DEBUG_INFO = NO;
				MTL_FAST_MATH = YES;
				SDKROOT = iphoneos;
				SWIFT_COMPILATION_MODE = wholemodule;
				VALIDATE_PRODUCT = YES;
			};
			name = Release;
		};
		FE2636CD2C5FF32F00B907CC /* Debug */ = {
			isa = XCBuildConfiguration;
			buildSettings = {
				ASSETCATALOG_COMPILER_APPICON_NAME = AppIcon;
				ASSETCATALOG_COMPILER_GLOBAL_ACCENT_COLOR_NAME = AccentColor;
				CODE_SIGN_STYLE = Manual;
				CURRENT_PROJECT_VERSION = 1;
				DEVELOPMENT_TEAM = "";
				GENERATE_INFOPLIST_FILE = YES;
				INFOPLIST_FILE = Recipe/Info.plist;
				INFOPLIST_KEY_UIApplicationSupportsIndirectInputEvents = YES;
				INFOPLIST_KEY_UILaunchStoryboardName = LaunchScreen;
				INFOPLIST_KEY_UIMainStoryboardFile = Main;
				INFOPLIST_KEY_UISupportedInterfaceOrientations_iPad = "UIInterfaceOrientationPortrait UIInterfaceOrientationPortraitUpsideDown UIInterfaceOrientationLandscapeLeft UIInterfaceOrientationLandscapeRight";
				INFOPLIST_KEY_UISupportedInterfaceOrientations_iPhone = "UIInterfaceOrientationPortrait UIInterfaceOrientationLandscapeLeft UIInterfaceOrientationLandscapeRight";
				IPHONEOS_DEPLOYMENT_TARGET = 17.0;
				LD_RUNPATH_SEARCH_PATHS = (
					"$(inherited)",
					"@executable_path/Frameworks",
				);
				MARKETING_VERSION = 1.0;
				PRODUCT_BUNDLE_IDENTIFIER = com.sci.recipe;
				PRODUCT_NAME = "$(TARGET_NAME)";
				PROVISIONING_PROFILE_SPECIFIER = "";
				SWIFT_EMIT_LOC_STRINGS = YES;
				SWIFT_VERSION = 5.0;
				TARGETED_DEVICE_FAMILY = "1,2";
			};
			name = Debug;
		};
		FE2636CE2C5FF32F00B907CC /* Release */ = {
			isa = XCBuildConfiguration;
			buildSettings = {
				ASSETCATALOG_COMPILER_APPICON_NAME = AppIcon;
				ASSETCATALOG_COMPILER_GLOBAL_ACCENT_COLOR_NAME = AccentColor;
				CODE_SIGN_STYLE = Manual;
				CURRENT_PROJECT_VERSION = 1;
				DEVELOPMENT_TEAM = "";
				GENERATE_INFOPLIST_FILE = YES;
				INFOPLIST_FILE = Recipe/Info.plist;
				INFOPLIST_KEY_UIApplicationSupportsIndirectInputEvents = YES;
				INFOPLIST_KEY_UILaunchStoryboardName = LaunchScreen;
				INFOPLIST_KEY_UIMainStoryboardFile = Main;
				INFOPLIST_KEY_UISupportedInterfaceOrientations_iPad = "UIInterfaceOrientationPortrait UIInterfaceOrientationPortraitUpsideDown UIInterfaceOrientationLandscapeLeft UIInterfaceOrientationLandscapeRight";
				INFOPLIST_KEY_UISupportedInterfaceOrientations_iPhone = "UIInterfaceOrientationPortrait UIInterfaceOrientationLandscapeLeft UIInterfaceOrientationLandscapeRight";
				IPHONEOS_DEPLOYMENT_TARGET = 17.0;
				LD_RUNPATH_SEARCH_PATHS = (
					"$(inherited)",
					"@executable_path/Frameworks",
				);
				MARKETING_VERSION = 1.0;
				PRODUCT_BUNDLE_IDENTIFIER = com.sci.recipe;
				PRODUCT_NAME = "$(TARGET_NAME)";
				PROVISIONING_PROFILE_SPECIFIER = "";
				SWIFT_EMIT_LOC_STRINGS = YES;
				SWIFT_VERSION = 5.0;
				TARGETED_DEVICE_FAMILY = "1,2";
			};
			name = Release;
		};
/* End XCBuildConfiguration section */

/* Begin XCConfigurationList section */
		FE2636B32C5FF32D00B907CC /* Build configuration list for PBXProject "Recipe" */ = {
			isa = XCConfigurationList;
			buildConfigurations = (
				FE2636CA2C5FF32F00B907CC /* Debug */,
				FE2636CB2C5FF32F00B907CC /* Release */,
			);
			defaultConfigurationIsVisible = 0;
			defaultConfigurationName = Release;
		};
		FE2636CC2C5FF32F00B907CC /* Build configuration list for PBXNativeTarget "Recipe" */ = {
			isa = XCConfigurationList;
			buildConfigurations = (
				FE2636CD2C5FF32F00B907CC /* Debug */,
				FE2636CE2C5FF32F00B907CC /* Release */,
			);
			defaultConfigurationIsVisible = 0;
			defaultConfigurationName = Release;
		};
/* End XCConfigurationList section */

/* Begin XCRemoteSwiftPackageReference section */
		FE2636D82C5FF58C00B907CC /* XCRemoteSwiftPackageReference "IQKeyboardManager" */ = {
			isa = XCRemoteSwiftPackageReference;
			repositoryURL = "https://github.com/hackiftekhar/IQKeyboardManager.git";
			requirement = {
				kind = upToNextMajorVersion;
				minimumVersion = 7.1.1;
			};
		};
/* End XCRemoteSwiftPackageReference section */

/* Begin XCSwiftPackageProductDependency section */
		FE2636D92C5FF58C00B907CC /* IQKeyboardManagerSwift */ = {
			isa = XCSwiftPackageProductDependency;
			package = FE2636D82C5FF58C00B907CC /* XCRemoteSwiftPackageReference "IQKeyboardManager" */;
			productName = IQKeyboardManagerSwift;
		};
/* End XCSwiftPackageProductDependency section */
	};
	rootObject = FE2636B02C5FF32D00B907CC /* Project object */;
}
