// !$*UTF8*$!
{
	archiveVersion = 1;
	classes = {
	};
	objectVersion = 56;
	objects = {

/* Begin PBXBuildFile section */
		78607D172C6124EC008AA26B /* PersonalizeOptionVC.xib in Resources */ = {isa = PBXBuildFile; fileRef = 78607D162C6124EC008AA26B /* PersonalizeOptionVC.xib */; };
		78607D182C6124EC008AA26B /* PersonalizeOptionVC.swift in Sources */ = {isa = PBXBuildFile; fileRef = 78607D152C6124EC008AA26B /* PersonalizeOptionVC.swift */; };
		786896C12C637D590038B60C /* PersonalizeRecipesCell.xib in Resources */ = {isa = PBXBuildFile; fileRef = 786896C02C637D590038B60C /* PersonalizeRecipesCell.xib */; };
		786896C22C637D590038B60C /* PersonalizeRecipesCell.swift in Sources */ = {isa = PBXBuildFile; fileRef = 786896BF2C637D590038B60C /* PersonalizeRecipesCell.swift */; };
		786896C42C637DBB0038B60C /* UICollectionView.swift in Sources */ = {isa = PBXBuildFile; fileRef = 786896C32C637DBB0038B60C /* UICollectionView.swift */; };
		786896C62C637DF20038B60C /* NSObject.swift in Sources */ = {isa = PBXBuildFile; fileRef = 786896C52C637DF20038B60C /* NSObject.swift */; };
		786896C82C63803A0038B60C /* UIView.swift in Sources */ = {isa = PBXBuildFile; fileRef = 786896C72C63803A0038B60C /* UIView.swift */; };
		786896CA2C63CD130038B60C /* UIFlexibleGridView.swift in Sources */ = {isa = PBXBuildFile; fileRef = 786896C92C63CD130038B60C /* UIFlexibleGridView.swift */; };
		786896CC2C63CE020038B60C /* UIFlexibleGridViewItem.swift in Sources */ = {isa = PBXBuildFile; fileRef = 786896CB2C63CE020038B60C /* UIFlexibleGridViewItem.swift */; };
		786896CE2C63CEE20038B60C /* FlexibleGridViewComponents.swift in Sources */ = {isa = PBXBuildFile; fileRef = 786896CD2C63CEE20038B60C /* FlexibleGridViewComponents.swift */; };
		786896D12C63D8E60038B60C /* DummyData.swift in Sources */ = {isa = PBXBuildFile; fileRef = 786896D02C63D8E60038B60C /* DummyData.swift */; };
		786896D72C63DA870038B60C /* PersonalizeGoalsVC.swift in Sources */ = {isa = PBXBuildFile; fileRef = 786896D52C63DA870038B60C /* PersonalizeGoalsVC.swift */; };
		786896D82C63DA870038B60C /* PersonalizeGoalsVC.xib in Resources */ = {isa = PBXBuildFile; fileRef = 786896D62C63DA870038B60C /* PersonalizeGoalsVC.xib */; };
		786896DD2C63DD3F0038B60C /* PersonalizeGoalsCell.swift in Sources */ = {isa = PBXBuildFile; fileRef = 786896DB2C63DD3F0038B60C /* PersonalizeGoalsCell.swift */; };
		786896DE2C63DD3F0038B60C /* PersonalizeGoalsCell.xib in Resources */ = {isa = PBXBuildFile; fileRef = 786896DC2C63DD3F0038B60C /* PersonalizeGoalsCell.xib */; };
		7880082B2C627E6400AA1EEA /* Fonts.swift in Sources */ = {isa = PBXBuildFile; fileRef = 7880082A2C627E6400AA1EEA /* Fonts.swift */; };
		7880082D2C627EF500AA1EEA /* Colors.swift in Sources */ = {isa = PBXBuildFile; fileRef = 7880082C2C627EF500AA1EEA /* Colors.swift */; };
		7880082F2C627F2F00AA1EEA /* UIColor.swift in Sources */ = {isa = PBXBuildFile; fileRef = 7880082E2C627F2F00AA1EEA /* UIColor.swift */; };
		788008312C62867F00AA1EEA /* UIButton.swift in Sources */ = {isa = PBXBuildFile; fileRef = 788008302C62867F00AA1EEA /* UIButton.swift */; };
		788008352C62900500AA1EEA /* DynamicHeightCV.swift in Sources */ = {isa = PBXBuildFile; fileRef = 788008342C62900500AA1EEA /* DynamicHeightCV.swift */; };
		CE4E86B82C667A9C0082E5AD /* AlamofireRecipeEndpoint.swift in Sources */ = {isa = PBXBuildFile; fileRef = CE4E86B72C667A9C0082E5AD /* AlamofireRecipeEndpoint.swift */; };
		CE6364712C67507B00944D1F /* LoginRequest.swift in Sources */ = {isa = PBXBuildFile; fileRef = CE6364702C67507B00944D1F /* LoginRequest.swift */; };
		CE6364732C67521C00944D1F /* LoginResponse.swift in Sources */ = {isa = PBXBuildFile; fileRef = CE6364722C67521C00944D1F /* LoginResponse.swift */; };
		CE8A6D5B2C661CA600DE54C5 /* Alamofire in Frameworks */ = {isa = PBXBuildFile; productRef = CE8A6D5A2C661CA600DE54C5 /* Alamofire */; };
		CE8A6D5E2C661D2F00DE54C5 /* AlamofireEndpoint.swift in Sources */ = {isa = PBXBuildFile; fileRef = CE8A6D5D2C661D2F00DE54C5 /* AlamofireEndpoint.swift */; };
		CE8A6D602C661D3F00DE54C5 /* AlamofireNetwork.swift in Sources */ = {isa = PBXBuildFile; fileRef = CE8A6D5F2C661D3F00DE54C5 /* AlamofireNetwork.swift */; };
		CE8FACA72C68CDEE00A1527A /* KeychainManager.swift in Sources */ = {isa = PBXBuildFile; fileRef = CE8FACA62C68CDEE00A1527A /* KeychainManager.swift */; };
		CE8FACAA2C68CEBB00A1527A /* KeychainAccess in Frameworks */ = {isa = PBXBuildFile; productRef = CE8FACA92C68CEBB00A1527A /* KeychainAccess */; };
		CEA024EC2C65049A00CA0CF7 /* EmailLoginVC.swift in Sources */ = {isa = PBXBuildFile; fileRef = CEA024EA2C65049A00CA0CF7 /* EmailLoginVC.swift */; };
		CEA024ED2C65049A00CA0CF7 /* EmailLoginVC.xib in Resources */ = {isa = PBXBuildFile; fileRef = CEA024EB2C65049A00CA0CF7 /* EmailLoginVC.xib */; };
		CEA024EF2C65152500CA0CF7 /* CustomPasswordTextField.swift in Sources */ = {isa = PBXBuildFile; fileRef = CEA024EE2C65152500CA0CF7 /* CustomPasswordTextField.swift */; };
		CEA024F12C65182800CA0CF7 /* MaterialTextField.swift in Sources */ = {isa = PBXBuildFile; fileRef = CEA024F02C65182800CA0CF7 /* MaterialTextField.swift */; };
		CEA024F82C6611E200CA0CF7 /* ValidationService.swift in Sources */ = {isa = PBXBuildFile; fileRef = CEA024F72C6611E200CA0CF7 /* ValidationService.swift */; };
		CEAD430C2C6500610058B337 /* LoginSelectVC.swift in Sources */ = {isa = PBXBuildFile; fileRef = CEAD430A2C6500610058B337 /* LoginSelectVC.swift */; };
		CEAD430D2C6500610058B337 /* LoginSelectVC.xib in Resources */ = {isa = PBXBuildFile; fileRef = CEAD430B2C6500610058B337 /* LoginSelectVC.xib */; };
		CEBB3F202C675CD100042C52 /* AuthRemoteDatasource.swift in Sources */ = {isa = PBXBuildFile; fileRef = CEBB3F1F2C675CD100042C52 /* AuthRemoteDatasource.swift */; };
		CEBB3F222C6768A600042C52 /* RecipeRequestInterceptor.swift in Sources */ = {isa = PBXBuildFile; fileRef = CEBB3F212C6768A600042C52 /* RecipeRequestInterceptor.swift */; };
		CEBB3F242C676C7000042C52 /* RegisterRequest.swift in Sources */ = {isa = PBXBuildFile; fileRef = CEBB3F232C676C7000042C52 /* RegisterRequest.swift */; };
		CEC6BC472C677A2E0033A30E /* AuthRepository.swift in Sources */ = {isa = PBXBuildFile; fileRef = CEC6BC462C677A2E0033A30E /* AuthRepository.swift */; };
		CEC6BC492C677C160033A30E /* LoginVM.swift in Sources */ = {isa = PBXBuildFile; fileRef = CEC6BC482C677C160033A30E /* LoginVM.swift */; };
		CEF628AA2C66711E00DA0C7B /* NetworkError.swift in Sources */ = {isa = PBXBuildFile; fileRef = CEF628A92C66711E00DA0C7B /* NetworkError.swift */; };
		E1A276772C665A600056D225 /* FloatingLabelInput.swift in Sources */ = {isa = PBXBuildFile; fileRef = E1A276762C665A600056D225 /* FloatingLabelInput.swift */; };
		E1A2767F2C665CC10056D225 /* SignupVC.swift in Sources */ = {isa = PBXBuildFile; fileRef = E1A2767D2C665CC10056D225 /* SignupVC.swift */; };
		E1A276802C665CC10056D225 /* SignupVC.xib in Resources */ = {isa = PBXBuildFile; fileRef = E1A2767E2C665CC10056D225 /* SignupVC.xib */; };
		E1A276822C668C570056D225 /* SignupVM.swift in Sources */ = {isa = PBXBuildFile; fileRef = E1A276812C668C570056D225 /* SignupVM.swift */; };
		E1A276842C66915B0056D225 /* String.swift in Sources */ = {isa = PBXBuildFile; fileRef = E1A276832C66915B0056D225 /* String.swift */; };
		E1A276862C6691C10056D225 /* Regex.swift in Sources */ = {isa = PBXBuildFile; fileRef = E1A276852C6691C10056D225 /* Regex.swift */; };
		E1AFFF7C2C6CCB2600A0CD3D /* UILabel.swift in Sources */ = {isa = PBXBuildFile; fileRef = E1AFFF7B2C6CCB2600A0CD3D /* UILabel.swift */; };
		E1C5A6DB2C6766380035ABC8 /* SignupOptionsVC.swift in Sources */ = {isa = PBXBuildFile; fileRef = E1C5A6D92C6766380035ABC8 /* SignupOptionsVC.swift */; };
		E1C5A6DC2C6766380035ABC8 /* SignupOptionsVC.xib in Resources */ = {isa = PBXBuildFile; fileRef = E1C5A6DA2C6766380035ABC8 /* SignupOptionsVC.xib */; };
		E1E1FDF52C6782C900862CFC /* FacebookCore in Frameworks */ = {isa = PBXBuildFile; productRef = E1E1FDF42C6782C900862CFC /* FacebookCore */; };
		E1E1FDF72C6782C900862CFC /* FacebookLogin in Frameworks */ = {isa = PBXBuildFile; productRef = E1E1FDF62C6782C900862CFC /* FacebookLogin */; };
		E1E1FDFA2C6782F700862CFC /* GoogleSignIn in Frameworks */ = {isa = PBXBuildFile; productRef = E1E1FDF92C6782F700862CFC /* GoogleSignIn */; };
		B94BAE922C6331C800B043B7 /* OnBoardingVC.xib in Resources */ = {isa = PBXBuildFile; fileRef = B94BAE912C6331C800B043B7 /* OnBoardingVC.xib */; };
		B94BAE932C6331C800B043B7 /* OnBoardingVC.swift in Sources */ = {isa = PBXBuildFile; fileRef = B94BAE902C6331C800B043B7 /* OnBoardingVC.swift */; };
		B94BAE992C634EB200B043B7 /* OnBoardingCell.xib in Resources */ = {isa = PBXBuildFile; fileRef = B94BAE982C634EB200B043B7 /* OnBoardingCell.xib */; };
		B94BAE9A2C634EB200B043B7 /* OnBoardingCell.swift in Sources */ = {isa = PBXBuildFile; fileRef = B94BAE972C634EB200B043B7 /* OnBoardingCell.swift */; };
		B94BAE9F2C63DD8500B043B7 /* OnBoardingEntity.swift in Sources */ = {isa = PBXBuildFile; fileRef = B94BAE9E2C63DD8400B043B7 /* OnBoardingEntity.swift */; };
		B94BAEA12C63ECBE00B043B7 /* color.xcassets in Resources */ = {isa = PBXBuildFile; fileRef = B94BAEA02C63ECBE00B043B7 /* color.xcassets */; };
		B94BAEA82C63FDEF00B043B7 /* SplashVC.xib in Resources */ = {isa = PBXBuildFile; fileRef = B94BAEA72C63FDEF00B043B7 /* SplashVC.xib */; };
		B94BAEA92C63FDEF00B043B7 /* SplashVC.swift in Sources */ = {isa = PBXBuildFile; fileRef = B94BAEA62C63FDEF00B043B7 /* SplashVC.swift */; };
		B94BAEAC2C64001F00B043B7 /* Lottie in Frameworks */ = {isa = PBXBuildFile; productRef = B94BAEAB2C64001F00B043B7 /* Lottie */; };
		B94BAEAE2C64015300B043B7 /* splashAnimation.json in Resources */ = {isa = PBXBuildFile; fileRef = B94BAEAD2C64015300B043B7 /* splashAnimation.json */; };
		FE2636BC2C5FF32E00B907CC /* AppDelegate.swift in Sources */ = {isa = PBXBuildFile; fileRef = FE2636BB2C5FF32E00B907CC /* AppDelegate.swift */; };
		FE2636BE2C5FF32E00B907CC /* SceneDelegate.swift in Sources */ = {isa = PBXBuildFile; fileRef = FE2636BD2C5FF32E00B907CC /* SceneDelegate.swift */; };
		FE2636C02C5FF32E00B907CC /* ViewController.swift in Sources */ = {isa = PBXBuildFile; fileRef = FE2636BF2C5FF32E00B907CC /* ViewController.swift */; };
		FE2636C32C5FF32E00B907CC /* Base in Resources */ = {isa = PBXBuildFile; fileRef = FE2636C22C5FF32E00B907CC /* Base */; };
		FE2636C52C5FF32F00B907CC /* Assets.xcassets in Resources */ = {isa = PBXBuildFile; fileRef = FE2636C42C5FF32F00B907CC /* Assets.xcassets */; };
		FE2636C82C5FF32F00B907CC /* Base in Resources */ = {isa = PBXBuildFile; fileRef = FE2636C72C5FF32F00B907CC /* Base */; };
		FE2636DA2C5FF58C00B907CC /* IQKeyboardManagerSwift in Frameworks */ = {isa = PBXBuildFile; productRef = FE2636D92C5FF58C00B907CC /* IQKeyboardManagerSwift */; };
		FE2636E02C5FF76800B907CC /* Poppins-SemiBold.ttf in Resources */ = {isa = PBXBuildFile; fileRef = FE2636DC2C5FF76800B907CC /* Poppins-SemiBold.ttf */; };
		FE2636E12C5FF76800B907CC /* Poppins-Medium.ttf in Resources */ = {isa = PBXBuildFile; fileRef = FE2636DD2C5FF76800B907CC /* Poppins-Medium.ttf */; };
		FE2636E22C5FF76800B907CC /* Poppins-Bold.ttf in Resources */ = {isa = PBXBuildFile; fileRef = FE2636DE2C5FF76800B907CC /* Poppins-Bold.ttf */; };
		FE2636E32C5FF76800B907CC /* Poppins-Regular.ttf in Resources */ = {isa = PBXBuildFile; fileRef = FE2636DF2C5FF76800B907CC /* Poppins-Regular.ttf */; };
/* End PBXBuildFile section */

/* Begin PBXFileReference section */
		78607D152C6124EC008AA26B /* PersonalizeOptionVC.swift */ = {isa = PBXFileReference; lastKnownFileType = sourcecode.swift; path = PersonalizeOptionVC.swift; sourceTree = "<group>"; };
		78607D162C6124EC008AA26B /* PersonalizeOptionVC.xib */ = {isa = PBXFileReference; lastKnownFileType = file.xib; path = PersonalizeOptionVC.xib; sourceTree = "<group>"; };
		786896BF2C637D590038B60C /* PersonalizeRecipesCell.swift */ = {isa = PBXFileReference; lastKnownFileType = sourcecode.swift; path = PersonalizeRecipesCell.swift; sourceTree = "<group>"; };
		786896C02C637D590038B60C /* PersonalizeRecipesCell.xib */ = {isa = PBXFileReference; lastKnownFileType = file.xib; path = PersonalizeRecipesCell.xib; sourceTree = "<group>"; };
		786896C32C637DBB0038B60C /* UICollectionView.swift */ = {isa = PBXFileReference; lastKnownFileType = sourcecode.swift; path = UICollectionView.swift; sourceTree = "<group>"; };
		786896C52C637DF20038B60C /* NSObject.swift */ = {isa = PBXFileReference; lastKnownFileType = sourcecode.swift; path = NSObject.swift; sourceTree = "<group>"; };
		786896C72C63803A0038B60C /* UIView.swift */ = {isa = PBXFileReference; lastKnownFileType = sourcecode.swift; path = UIView.swift; sourceTree = "<group>"; };
		786896C92C63CD130038B60C /* UIFlexibleGridView.swift */ = {isa = PBXFileReference; lastKnownFileType = sourcecode.swift; path = UIFlexibleGridView.swift; sourceTree = "<group>"; };
		786896CB2C63CE020038B60C /* UIFlexibleGridViewItem.swift */ = {isa = PBXFileReference; lastKnownFileType = sourcecode.swift; path = UIFlexibleGridViewItem.swift; sourceTree = "<group>"; };
		786896CD2C63CEE20038B60C /* FlexibleGridViewComponents.swift */ = {isa = PBXFileReference; lastKnownFileType = sourcecode.swift; path = FlexibleGridViewComponents.swift; sourceTree = "<group>"; };
		786896D02C63D8E60038B60C /* DummyData.swift */ = {isa = PBXFileReference; lastKnownFileType = sourcecode.swift; path = DummyData.swift; sourceTree = "<group>"; };
		786896D52C63DA870038B60C /* PersonalizeGoalsVC.swift */ = {isa = PBXFileReference; lastKnownFileType = sourcecode.swift; path = PersonalizeGoalsVC.swift; sourceTree = "<group>"; };
		786896D62C63DA870038B60C /* PersonalizeGoalsVC.xib */ = {isa = PBXFileReference; lastKnownFileType = file.xib; path = PersonalizeGoalsVC.xib; sourceTree = "<group>"; };
		786896DB2C63DD3F0038B60C /* PersonalizeGoalsCell.swift */ = {isa = PBXFileReference; lastKnownFileType = sourcecode.swift; path = PersonalizeGoalsCell.swift; sourceTree = "<group>"; };
		786896DC2C63DD3F0038B60C /* PersonalizeGoalsCell.xib */ = {isa = PBXFileReference; lastKnownFileType = file.xib; path = PersonalizeGoalsCell.xib; sourceTree = "<group>"; };
		7880082A2C627E6400AA1EEA /* Fonts.swift */ = {isa = PBXFileReference; lastKnownFileType = sourcecode.swift; path = Fonts.swift; sourceTree = "<group>"; };
		7880082C2C627EF500AA1EEA /* Colors.swift */ = {isa = PBXFileReference; lastKnownFileType = sourcecode.swift; path = Colors.swift; sourceTree = "<group>"; };
		7880082E2C627F2F00AA1EEA /* UIColor.swift */ = {isa = PBXFileReference; lastKnownFileType = sourcecode.swift; path = UIColor.swift; sourceTree = "<group>"; };
		788008302C62867F00AA1EEA /* UIButton.swift */ = {isa = PBXFileReference; lastKnownFileType = sourcecode.swift; path = UIButton.swift; sourceTree = "<group>"; };
		788008342C62900500AA1EEA /* DynamicHeightCV.swift */ = {isa = PBXFileReference; lastKnownFileType = sourcecode.swift; path = DynamicHeightCV.swift; sourceTree = "<group>"; };
		CE4E86B72C667A9C0082E5AD /* AlamofireRecipeEndpoint.swift */ = {isa = PBXFileReference; lastKnownFileType = sourcecode.swift; path = AlamofireRecipeEndpoint.swift; sourceTree = "<group>"; };
		CE6364702C67507B00944D1F /* LoginRequest.swift */ = {isa = PBXFileReference; lastKnownFileType = sourcecode.swift; path = LoginRequest.swift; sourceTree = "<group>"; };
		CE6364722C67521C00944D1F /* LoginResponse.swift */ = {isa = PBXFileReference; lastKnownFileType = sourcecode.swift; path = LoginResponse.swift; sourceTree = "<group>"; };
		CE8A6D5D2C661D2F00DE54C5 /* AlamofireEndpoint.swift */ = {isa = PBXFileReference; lastKnownFileType = sourcecode.swift; path = AlamofireEndpoint.swift; sourceTree = "<group>"; };
		CE8A6D5F2C661D3F00DE54C5 /* AlamofireNetwork.swift */ = {isa = PBXFileReference; lastKnownFileType = sourcecode.swift; path = AlamofireNetwork.swift; sourceTree = "<group>"; };
		CE8FACA62C68CDEE00A1527A /* KeychainManager.swift */ = {isa = PBXFileReference; lastKnownFileType = sourcecode.swift; path = KeychainManager.swift; sourceTree = "<group>"; };
		CEA024EA2C65049A00CA0CF7 /* EmailLoginVC.swift */ = {isa = PBXFileReference; lastKnownFileType = sourcecode.swift; path = EmailLoginVC.swift; sourceTree = "<group>"; };
		CEA024EB2C65049A00CA0CF7 /* EmailLoginVC.xib */ = {isa = PBXFileReference; lastKnownFileType = file.xib; path = EmailLoginVC.xib; sourceTree = "<group>"; };
		CEA024EE2C65152500CA0CF7 /* CustomPasswordTextField.swift */ = {isa = PBXFileReference; lastKnownFileType = sourcecode.swift; path = CustomPasswordTextField.swift; sourceTree = "<group>"; };
		CEA024F02C65182800CA0CF7 /* MaterialTextField.swift */ = {isa = PBXFileReference; lastKnownFileType = sourcecode.swift; path = MaterialTextField.swift; sourceTree = "<group>"; };
		CEA024F72C6611E200CA0CF7 /* ValidationService.swift */ = {isa = PBXFileReference; lastKnownFileType = sourcecode.swift; path = ValidationService.swift; sourceTree = "<group>"; };
		CEAD430A2C6500610058B337 /* LoginSelectVC.swift */ = {isa = PBXFileReference; lastKnownFileType = sourcecode.swift; path = LoginSelectVC.swift; sourceTree = "<group>"; };
		CEAD430B2C6500610058B337 /* LoginSelectVC.xib */ = {isa = PBXFileReference; lastKnownFileType = file.xib; path = LoginSelectVC.xib; sourceTree = "<group>"; };
		CEBB3F1F2C675CD100042C52 /* AuthRemoteDatasource.swift */ = {isa = PBXFileReference; lastKnownFileType = sourcecode.swift; path = AuthRemoteDatasource.swift; sourceTree = "<group>"; };
		CEBB3F212C6768A600042C52 /* RecipeRequestInterceptor.swift */ = {isa = PBXFileReference; lastKnownFileType = sourcecode.swift; path = RecipeRequestInterceptor.swift; sourceTree = "<group>"; };
		CEBB3F232C676C7000042C52 /* RegisterRequest.swift */ = {isa = PBXFileReference; lastKnownFileType = sourcecode.swift; path = RegisterRequest.swift; sourceTree = "<group>"; };
		CEC6BC462C677A2E0033A30E /* AuthRepository.swift */ = {isa = PBXFileReference; lastKnownFileType = sourcecode.swift; path = AuthRepository.swift; sourceTree = "<group>"; };
		CEC6BC482C677C160033A30E /* LoginVM.swift */ = {isa = PBXFileReference; lastKnownFileType = sourcecode.swift; path = LoginVM.swift; sourceTree = "<group>"; };
		CEF628A92C66711E00DA0C7B /* NetworkError.swift */ = {isa = PBXFileReference; lastKnownFileType = sourcecode.swift; path = NetworkError.swift; sourceTree = "<group>"; };
		E1A276762C665A600056D225 /* FloatingLabelInput.swift */ = {isa = PBXFileReference; lastKnownFileType = sourcecode.swift; path = FloatingLabelInput.swift; sourceTree = "<group>"; };
		E1A2767D2C665CC10056D225 /* SignupVC.swift */ = {isa = PBXFileReference; lastKnownFileType = sourcecode.swift; path = SignupVC.swift; sourceTree = "<group>"; };
		E1A2767E2C665CC10056D225 /* SignupVC.xib */ = {isa = PBXFileReference; lastKnownFileType = file.xib; path = SignupVC.xib; sourceTree = "<group>"; };
		E1A276812C668C570056D225 /* SignupVM.swift */ = {isa = PBXFileReference; lastKnownFileType = sourcecode.swift; path = SignupVM.swift; sourceTree = "<group>"; };
		E1A276832C66915B0056D225 /* String.swift */ = {isa = PBXFileReference; lastKnownFileType = sourcecode.swift; path = String.swift; sourceTree = "<group>"; };
		E1A276852C6691C10056D225 /* Regex.swift */ = {isa = PBXFileReference; lastKnownFileType = sourcecode.swift; path = Regex.swift; sourceTree = "<group>"; };
		E1AFFF7B2C6CCB2600A0CD3D /* UILabel.swift */ = {isa = PBXFileReference; lastKnownFileType = sourcecode.swift; path = UILabel.swift; sourceTree = "<group>"; };
		E1C5A6D92C6766380035ABC8 /* SignupOptionsVC.swift */ = {isa = PBXFileReference; lastKnownFileType = sourcecode.swift; path = SignupOptionsVC.swift; sourceTree = "<group>"; };
		E1C5A6DA2C6766380035ABC8 /* SignupOptionsVC.xib */ = {isa = PBXFileReference; lastKnownFileType = file.xib; path = SignupOptionsVC.xib; sourceTree = "<group>"; };
		E1F2DD0B2C67C7A50081477E /* Recipe.entitlements */ = {isa = PBXFileReference; lastKnownFileType = text.plist.entitlements; path = Recipe.entitlements; sourceTree = "<group>"; };
		B94BAE902C6331C800B043B7 /* OnBoardingVC.swift */ = {isa = PBXFileReference; lastKnownFileType = sourcecode.swift; path = OnBoardingVC.swift; sourceTree = "<group>"; };
		B94BAE912C6331C800B043B7 /* OnBoardingVC.xib */ = {isa = PBXFileReference; lastKnownFileType = file.xib; path = OnBoardingVC.xib; sourceTree = "<group>"; };
		B94BAE972C634EB200B043B7 /* OnBoardingCell.swift */ = {isa = PBXFileReference; lastKnownFileType = sourcecode.swift; path = OnBoardingCell.swift; sourceTree = "<group>"; };
		B94BAE982C634EB200B043B7 /* OnBoardingCell.xib */ = {isa = PBXFileReference; lastKnownFileType = file.xib; path = OnBoardingCell.xib; sourceTree = "<group>"; };
		B94BAE9E2C63DD8400B043B7 /* OnBoardingEntity.swift */ = {isa = PBXFileReference; lastKnownFileType = sourcecode.swift; path = OnBoardingEntity.swift; sourceTree = "<group>"; };
		B94BAEA02C63ECBE00B043B7 /* color.xcassets */ = {isa = PBXFileReference; lastKnownFileType = folder.assetcatalog; path = color.xcassets; sourceTree = "<group>"; };
		B94BAEA62C63FDEF00B043B7 /* SplashVC.swift */ = {isa = PBXFileReference; lastKnownFileType = sourcecode.swift; path = SplashVC.swift; sourceTree = "<group>"; };
		B94BAEA72C63FDEF00B043B7 /* SplashVC.xib */ = {isa = PBXFileReference; lastKnownFileType = file.xib; path = SplashVC.xib; sourceTree = "<group>"; };
		B94BAEAD2C64015300B043B7 /* splashAnimation.json */ = {isa = PBXFileReference; fileEncoding = 4; lastKnownFileType = text.json; path = splashAnimation.json; sourceTree = "<group>"; };
		FE2636B82C5FF32E00B907CC /* Recipe.app */ = {isa = PBXFileReference; explicitFileType = wrapper.application; includeInIndex = 0; path = Recipe.app; sourceTree = BUILT_PRODUCTS_DIR; };
		FE2636BB2C5FF32E00B907CC /* AppDelegate.swift */ = {isa = PBXFileReference; lastKnownFileType = sourcecode.swift; path = AppDelegate.swift; sourceTree = "<group>"; };
		FE2636BD2C5FF32E00B907CC /* SceneDelegate.swift */ = {isa = PBXFileReference; lastKnownFileType = sourcecode.swift; path = SceneDelegate.swift; sourceTree = "<group>"; };
		FE2636BF2C5FF32E00B907CC /* ViewController.swift */ = {isa = PBXFileReference; lastKnownFileType = sourcecode.swift; path = ViewController.swift; sourceTree = "<group>"; };
		FE2636C22C5FF32E00B907CC /* Base */ = {isa = PBXFileReference; lastKnownFileType = file.storyboard; name = Base; path = Base.lproj/Main.storyboard; sourceTree = "<group>"; };
		FE2636C42C5FF32F00B907CC /* Assets.xcassets */ = {isa = PBXFileReference; lastKnownFileType = folder.assetcatalog; path = Assets.xcassets; sourceTree = "<group>"; };
		FE2636C72C5FF32F00B907CC /* Base */ = {isa = PBXFileReference; lastKnownFileType = file.storyboard; name = Base; path = Base.lproj/LaunchScreen.storyboard; sourceTree = "<group>"; };
		FE2636C92C5FF32F00B907CC /* Info.plist */ = {isa = PBXFileReference; lastKnownFileType = text.plist.xml; path = Info.plist; sourceTree = "<group>"; };
		FE2636DC2C5FF76800B907CC /* Poppins-SemiBold.ttf */ = {isa = PBXFileReference; lastKnownFileType = file; path = "Poppins-SemiBold.ttf"; sourceTree = "<group>"; };
		FE2636DD2C5FF76800B907CC /* Poppins-Medium.ttf */ = {isa = PBXFileReference; lastKnownFileType = file; path = "Poppins-Medium.ttf"; sourceTree = "<group>"; };
		FE2636DE2C5FF76800B907CC /* Poppins-Bold.ttf */ = {isa = PBXFileReference; lastKnownFileType = file; path = "Poppins-Bold.ttf"; sourceTree = "<group>"; };
		FE2636DF2C5FF76800B907CC /* Poppins-Regular.ttf */ = {isa = PBXFileReference; lastKnownFileType = file; path = "Poppins-Regular.ttf"; sourceTree = "<group>"; };
/* End PBXFileReference section */

/* Begin PBXFrameworksBuildPhase section */
		FE2636B52C5FF32E00B907CC /* Frameworks */ = {
			isa = PBXFrameworksBuildPhase;
			buildActionMask = 2147483647;
			files = (
				FE2636DA2C5FF58C00B907CC /* IQKeyboardManagerSwift in Frameworks */,
				E1E1FDFA2C6782F700862CFC /* GoogleSignIn in Frameworks */,
				E1E1FDF52C6782C900862CFC /* FacebookCore in Frameworks */,
				E1E1FDF72C6782C900862CFC /* FacebookLogin in Frameworks */,
				CE8A6D5B2C661CA600DE54C5 /* Alamofire in Frameworks */,
				CE8FACAA2C68CEBB00A1527A /* KeychainAccess in Frameworks */,
				B94BAEAC2C64001F00B043B7 /* Lottie in Frameworks */,
			);
			runOnlyForDeploymentPostprocessing = 0;
		};
/* End PBXFrameworksBuildPhase section */

/* Begin PBXGroup section */
		78607D142C6124AA008AA26B /* PersonalizeOptions */ = {
			isa = PBXGroup;
			children = (
				78607D152C6124EC008AA26B /* PersonalizeOptionVC.swift */,
				78607D162C6124EC008AA26B /* PersonalizeOptionVC.xib */,
			);
			path = PersonalizeOptions;
			sourceTree = "<group>";
		};
		786896BD2C637D2E0038B60C /* CollectionView */ = {
			isa = PBXGroup;
			children = (
				786896BE2C637D340038B60C /* Cell */,
			);
			path = CollectionView;
			sourceTree = "<group>";
		};
		786896BE2C637D340038B60C /* Cell */ = {
			isa = PBXGroup;
			children = (
				786896DA2C63DD1D0038B60C /* PersonalizeGoalsCell */,
				786896D92C63DD100038B60C /* PersonalizeRecipesCell */,
			);
			path = Cell;
			sourceTree = "<group>";
		};
		786896CF2C63D8DB0038B60C /* Model */ = {
			isa = PBXGroup;
			children = (
				786896D02C63D8E60038B60C /* DummyData.swift */,
			);
			path = Model;
			sourceTree = "<group>";
		};
		786896D42C63DA6B0038B60C /* PersonalizeGoals */ = {
			isa = PBXGroup;
			children = (
				786896D52C63DA870038B60C /* PersonalizeGoalsVC.swift */,
				786896D62C63DA870038B60C /* PersonalizeGoalsVC.xib */,
			);
			path = PersonalizeGoals;
			sourceTree = "<group>";
		};
		786896D92C63DD100038B60C /* PersonalizeRecipesCell */ = {
			isa = PBXGroup;
			children = (
				786896BF2C637D590038B60C /* PersonalizeRecipesCell.swift */,
				786896C02C637D590038B60C /* PersonalizeRecipesCell.xib */,
			);
			path = PersonalizeRecipesCell;
			sourceTree = "<group>";
		};
		786896DA2C63DD1D0038B60C /* PersonalizeGoalsCell */ = {
			isa = PBXGroup;
			children = (
				786896DB2C63DD3F0038B60C /* PersonalizeGoalsCell.swift */,
				786896DC2C63DD3F0038B60C /* PersonalizeGoalsCell.xib */,
			);
			path = PersonalizeGoalsCell;
			sourceTree = "<group>";
		};
		788008292C627E0500AA1EEA /* Extensions */ = {
			isa = PBXGroup;
			children = (
				7880082A2C627E6400AA1EEA /* Fonts.swift */,
				7880082C2C627EF500AA1EEA /* Colors.swift */,
				7880082E2C627F2F00AA1EEA /* UIColor.swift */,
				788008302C62867F00AA1EEA /* UIButton.swift */,
				786896C32C637DBB0038B60C /* UICollectionView.swift */,
				786896C52C637DF20038B60C /* NSObject.swift */,
				786896C72C63803A0038B60C /* UIView.swift */,
				E1A276832C66915B0056D225 /* String.swift */,
				E1A276852C6691C10056D225 /* Regex.swift */,
				CEA024EE2C65152500CA0CF7 /* CustomPasswordTextField.swift */,
				CEA024F02C65182800CA0CF7 /* MaterialTextField.swift */,
				E1AFFF7B2C6CCB2600A0CD3D /* UILabel.swift */,
			);
			path = Extensions;
			sourceTree = "<group>";
		};
		788008322C628FE600AA1EEA /* CommonUI */ = {
			isa = PBXGroup;
			children = (
				788008332C628FED00AA1EEA /* CustomViews */,
			);
			path = CommonUI;
			sourceTree = "<group>";
		};
		788008332C628FED00AA1EEA /* CustomViews */ = {
			isa = PBXGroup;
			children = (
				E1A276762C665A600056D225 /* FloatingLabelInput.swift */,
				788008342C62900500AA1EEA /* DynamicHeightCV.swift */,
				786896C92C63CD130038B60C /* UIFlexibleGridView.swift */,
				786896CB2C63CE020038B60C /* UIFlexibleGridViewItem.swift */,
				786896CD2C63CEE20038B60C /* FlexibleGridViewComponents.swift */,
			);
			path = CustomViews;
			sourceTree = "<group>";
		};
		CE4E86B42C6678940082E5AD /* remote */ = {
			isa = PBXGroup;
			children = (
				CEBB3F1F2C675CD100042C52 /* AuthRemoteDatasource.swift */,
			);
			path = remote;
			sourceTree = "<group>";
		};
		CE63646F2C67506300944D1F /* Requests */ = {
			isa = PBXGroup;
			children = (
				CE6364702C67507B00944D1F /* LoginRequest.swift */,
				CEBB3F232C676C7000042C52 /* RegisterRequest.swift */,
			);
			path = Requests;
			sourceTree = "<group>";
		};
		CE8A6D5C2C661CE900DE54C5 /* Network */ = {
			isa = PBXGroup;
			children = (
				CE8A6D5D2C661D2F00DE54C5 /* AlamofireEndpoint.swift */,
				CE8A6D5F2C661D3F00DE54C5 /* AlamofireNetwork.swift */,
				CEF628A92C66711E00DA0C7B /* NetworkError.swift */,
				CE4E86B72C667A9C0082E5AD /* AlamofireRecipeEndpoint.swift */,
				CEBB3F212C6768A600042C52 /* RecipeRequestInterceptor.swift */,
			);
			path = Network;
			sourceTree = "<group>";
		};
		CE8FACA52C68CDD700A1527A /* local */ = {
			isa = PBXGroup;
			children = (
				CE8FACA62C68CDEE00A1527A /* KeychainManager.swift */,
			);
			path = local;
			sourceTree = "<group>";
		};
		CEA024E02C65038600CA0CF7 /* LoginSelect */ = {
			isa = PBXGroup;
			children = (
				CEAD430A2C6500610058B337 /* LoginSelectVC.swift */,
				CEAD430B2C6500610058B337 /* LoginSelectVC.xib */,
			);
			path = LoginSelect;
			sourceTree = "<group>";
		};
		CEA024E52C6503BF00CA0CF7 /* EmailLogin */ = {
			isa = PBXGroup;
			children = (
				CEC6BC482C677C160033A30E /* LoginVM.swift */,
				CEA024EA2C65049A00CA0CF7 /* EmailLoginVC.swift */,
				CEA024EB2C65049A00CA0CF7 /* EmailLoginVC.xib */,
			);
			path = EmailLogin;
			sourceTree = "<group>";
		};
		CEA024F22C6610FA00CA0CF7 /* Data */ = {
			isa = PBXGroup;
			children = (
				CE8A6D5C2C661CE900DE54C5 /* Network */,
				CEA024F52C66112200CA0CF7 /* DataSources */,
				CEA024F42C66111800CA0CF7 /* Models */,
				CEA024F32C66110D00CA0CF7 /* Repositories */,
				B94BAE9D2C63DD6E00B043B7 /* Entity */,
				);
			path = Data;
			sourceTree = "<group>";			
		};
		B94BAE8D2C63316A00B043B7 /* OnBoarding */ = {
			isa = PBXGroup;
			children = (
				B94BAE942C634DB500B043B7 /* Cells */,
				B94BAE902C6331C800B043B7 /* OnBoardingVC.swift */,
				B94BAE912C6331C800B043B7 /* OnBoardingVC.xib */,
			);
			path = OnBoarding;
			sourceTree = "<group>";
		};
		B94BAE942C634DB500B043B7 /* Cells */ = {
			isa = PBXGroup;
			children = (
				B94BAE972C634EB200B043B7 /* OnBoardingCell.swift */,
				B94BAE982C634EB200B043B7 /* OnBoardingCell.xib */,
			);
			path = Cells;
			sourceTree = "<group>";
		};
		B94BAE9B2C63DD5C00B043B7 /* Domain */ = {
			isa = PBXGroup;
			children = (
			);
			path = Domain;
			sourceTree = "<group>";
		};
		CEA024F32C66110D00CA0CF7 /* Repositories */ = {
			isa = PBXGroup;
			children = (
				CEC6BC462C677A2E0033A30E /* AuthRepository.swift */,
			);
			path = Repositories;
			sourceTree = "<group>";
		};
		CEA024F42C66111800CA0CF7 /* Models */ = {
			isa = PBXGroup;
			children = (
				CEC6BC452C6778370033A30E /* Responses */,
				CE63646F2C67506300944D1F /* Requests */,
			);
			path = Models;
			sourceTree = "<group>";
		};
		CEA024F52C66112200CA0CF7 /* DataSources */ = {
			isa = PBXGroup;
			children = (
				CE8FACA52C68CDD700A1527A /* local */,
				CE4E86B42C6678940082E5AD /* remote */,
			);
			path = DataSources;
			sourceTree = "<group>";
		};
		CEA024F62C6611B800CA0CF7 /* Utils */ = {
			isa = PBXGroup;
			children = (
				CEA024F72C6611E200CA0CF7 /* ValidationService.swift */,
			);
			path = Utils;
			sourceTree = "<group>";
		};
		CEC6BC452C6778370033A30E /* Responses */ = {
			isa = PBXGroup;
			children = (
				CE6364722C67521C00944D1F /* LoginResponse.swift */,
			);
			path = Responses;
			sourceTree = "<group>";
		};
		E17576DB2C691C1C00C52515 /* remote */ = {
			isa = PBXGroup;
			children = (
				E17576E12C69258E00C52515 /* repository */,
				E17576DF2C69255500C52515 /* datasource */,
			);
			path = remote;
			sourceTree = "<group>";
		};
		E17576DF2C69255500C52515 /* datasource */ = {
			isa = PBXGroup;
			children = (
			);
			path = datasource;
			sourceTree = "<group>";
		};
		E17576E12C69258E00C52515 /* repository */ = {
			isa = PBXGroup;
			children = (
			);
			path = repository;
			sourceTree = "<group>";
		};
		E1A276782C665A830056D225 /* SignUp */ = {
			isa = PBXGroup;
			children = (
				E1A2767D2C665CC10056D225 /* SignupVC.swift */,
				E1A2767E2C665CC10056D225 /* SignupVC.xib */,
				E1A276812C668C570056D225 /* SignupVM.swift */,
			);
			path = SignUp;
			sourceTree = "<group>";
		};
		E1C5A6D82C67660A0035ABC8 /* SignupOptions */ = {
			isa = PBXGroup;
			children = (
				E1C5A6D92C6766380035ABC8 /* SignupOptionsVC.swift */,
				E1C5A6DA2C6766380035ABC8 /* SignupOptionsVC.xib */,
			);
			path = SignupOptions;
			sourceTree = "<group>";
		};
		B94BAE9D2C63DD6E00B043B7 /* Entity */ = {
			isa = PBXGroup;
			children = (
				B94BAE9E2C63DD8400B043B7 /* OnBoardingEntity.swift */,
			);
			path = Entity;
			sourceTree = "<group>";
		};
		B94BAEA52C63FDE000B043B7 /* Splash */ = {
			isa = PBXGroup;
			children = (
				B94BAEA62C63FDEF00B043B7 /* SplashVC.swift */,
				B94BAEA72C63FDEF00B043B7 /* SplashVC.xib */,
			);
			path = Splash;
			sourceTree = "<group>";
		};
		FE2636AF2C5FF32D00B907CC = {
			isa = PBXGroup;
			children = (
				FE2636BA2C5FF32E00B907CC /* Recipe */,
				FE2636B92C5FF32E00B907CC /* Products */,
			);
			sourceTree = "<group>";
		};
		FE2636B92C5FF32E00B907CC /* Products */ = {
			isa = PBXGroup;
			children = (
				FE2636B82C5FF32E00B907CC /* Recipe.app */,
			);
			name = Products;
			sourceTree = "<group>";
		};
		FE2636BA2C5FF32E00B907CC /* Recipe */ = {
			isa = PBXGroup;
			children = (
				E17576DB2C691C1C00C52515 /* remote */,
				E1F2DD0B2C67C7A50081477E /* Recipe.entitlements */,
				786896CF2C63D8DB0038B60C /* Model */,
				788008322C628FE600AA1EEA /* CommonUI */,
				CEA024F62C6611B800CA0CF7 /* Utils */,
				CEA024F22C6610FA00CA0CF7 /* Data */,
				B94BAE9B2C63DD5C00B043B7 /* Domain */,
				788008292C627E0500AA1EEA /* Extensions */,
				FE2636D02C5FF34800B907CC /* Views */,
				FE2636D12C5FF36300B907CC /* Storyboards */,
				FE2636CF2C5FF33900B907CC /* Application */,
				FE2636D42C5FF38C00B907CC /* Resources */,
				FE2636C92C5FF32F00B907CC /* Info.plist */,
			);
			path = Recipe;
			sourceTree = "<group>";
		};
		FE2636CF2C5FF33900B907CC /* Application */ = {
			isa = PBXGroup;
			children = (
				FE2636BB2C5FF32E00B907CC /* AppDelegate.swift */,
				FE2636BD2C5FF32E00B907CC /* SceneDelegate.swift */,
			);
			path = Application;
			sourceTree = "<group>";
		};
		FE2636D02C5FF34800B907CC /* Views */ = {
			isa = PBXGroup;
			children = (
				E1C5A6D82C67660A0035ABC8 /* SignupOptions */,
				E1A276782C665A830056D225 /* SignUp */,
				786896BD2C637D2E0038B60C /* CollectionView */,
				786896D42C63DA6B0038B60C /* PersonalizeGoals */,
				B94BAEA52C63FDE000B043B7 /* Splash */,
				B94BAE8D2C63316A00B043B7 /* OnBoarding */,
				78607D142C6124AA008AA26B /* PersonalizeOptions */,
				FE2636BF2C5FF32E00B907CC /* ViewController.swift */,
				CEA024E02C65038600CA0CF7 /* LoginSelect */,
				CEA024E52C6503BF00CA0CF7 /* EmailLogin */,
			);
			path = Views;
			sourceTree = "<group>";
		};
		FE2636D12C5FF36300B907CC /* Storyboards */ = {
			isa = PBXGroup;
			children = (
				FE2636C12C5FF32E00B907CC /* Main.storyboard */,
				FE2636C62C5FF32F00B907CC /* LaunchScreen.storyboard */,
			);
			path = Storyboards;
			sourceTree = "<group>";
		};
		FE2636D42C5FF38C00B907CC /* Resources */ = {
			isa = PBXGroup;
			children = (
				B94BAEAD2C64015300B043B7 /* splashAnimation.json */,
				FE2636DB2C5FF75400B907CC /* Fonts */,
				FE2636C42C5FF32F00B907CC /* Assets.xcassets */,
				B94BAEA02C63ECBE00B043B7 /* color.xcassets */,
			);
			path = Resources;
			sourceTree = "<group>";
		};
		FE2636DB2C5FF75400B907CC /* Fonts */ = {
			isa = PBXGroup;
			children = (
				FE2636DE2C5FF76800B907CC /* Poppins-Bold.ttf */,
				FE2636DD2C5FF76800B907CC /* Poppins-Medium.ttf */,
				FE2636DF2C5FF76800B907CC /* Poppins-Regular.ttf */,
				FE2636DC2C5FF76800B907CC /* Poppins-SemiBold.ttf */,
			);
			path = Fonts;
			sourceTree = "<group>";
		};
/* End PBXGroup section */

/* Begin PBXNativeTarget section */
		FE2636B72C5FF32E00B907CC /* Recipe */ = {
			isa = PBXNativeTarget;
			buildConfigurationList = FE2636CC2C5FF32F00B907CC /* Build configuration list for PBXNativeTarget "Recipe" */;
			buildPhases = (
				FE2636B42C5FF32E00B907CC /* Sources */,
				FE2636B52C5FF32E00B907CC /* Frameworks */,
				FE2636B62C5FF32E00B907CC /* Resources */,
			);
			buildRules = (
			);
			dependencies = (
			);
			name = Recipe;
			packageProductDependencies = (
				FE2636D92C5FF58C00B907CC /* IQKeyboardManagerSwift */,
				E1E1FDF42C6782C900862CFC /* FacebookCore */,
				E1E1FDF62C6782C900862CFC /* FacebookLogin */,
				E1E1FDF92C6782F700862CFC /* GoogleSignIn */,
				CE8A6D5A2C661CA600DE54C5 /* Alamofire */,
				CE8FACA92C68CEBB00A1527A /* KeychainAccess */,
				B94BAEAB2C64001F00B043B7 /* Lottie */,
			);
			productName = Recipe;
			productReference = FE2636B82C5FF32E00B907CC /* Recipe.app */;
			productType = "com.apple.product-type.application";
		};
/* End PBXNativeTarget section */

/* Begin PBXProject section */
		FE2636B02C5FF32D00B907CC /* Project object */ = {
			isa = PBXProject;
			attributes = {
				BuildIndependentTargetsInParallel = 1;
				LastSwiftUpdateCheck = 1540;
				LastUpgradeCheck = 1540;
				TargetAttributes = {
					FE2636B72C5FF32E00B907CC = {
						CreatedOnToolsVersion = 15.4;
					};
				};
			};
			buildConfigurationList = FE2636B32C5FF32D00B907CC /* Build configuration list for PBXProject "Recipe" */;
			compatibilityVersion = "Xcode 14.0";
			developmentRegion = en;
			hasScannedForEncodings = 0;
			knownRegions = (
				en,
				Base,
			);
			mainGroup = FE2636AF2C5FF32D00B907CC;
			packageReferences = (
				FE2636D82C5FF58C00B907CC /* XCRemoteSwiftPackageReference "IQKeyboardManager" */,
				E1E1FDF32C6782C900862CFC /* XCRemoteSwiftPackageReference "facebook-ios-sdk" */,
				E1E1FDF82C6782F700862CFC /* XCRemoteSwiftPackageReference "GoogleSignIn-iOS" */,
				CE8A6D592C661CA600DE54C5 /* XCRemoteSwiftPackageReference "Alamofire" */,
				CE8FACA82C68CEBB00A1527A /* XCRemoteSwiftPackageReference "KeychainAccess" */,
				B94BAEAA2C64001F00B043B7 /* XCRemoteSwiftPackageReference "lottie-spm" */,
			);
			productRefGroup = FE2636B92C5FF32E00B907CC /* Products */;
			projectDirPath = "";
			projectRoot = "";
			targets = (
				FE2636B72C5FF32E00B907CC /* Recipe */,
			);
		};
/* End PBXProject section */

/* Begin PBXResourcesBuildPhase section */
		FE2636B62C5FF32E00B907CC /* Resources */ = {
			isa = PBXResourcesBuildPhase;
			buildActionMask = 2147483647;
			files = (
				B94BAE992C634EB200B043B7 /* OnBoardingCell.xib in Resources */,
				FE2636C52C5FF32F00B907CC /* Assets.xcassets in Resources */,
				FE2636E22C5FF76800B907CC /* Poppins-Bold.ttf in Resources */,
				E1C5A6DC2C6766380035ABC8 /* SignupOptionsVC.xib in Resources */,
				786896C12C637D590038B60C /* PersonalizeRecipesCell.xib in Resources */,
				FE2636E32C5FF76800B907CC /* Poppins-Regular.ttf in Resources */,
				E1A276802C665CC10056D225 /* SignupVC.xib in Resources */,
				786896D82C63DA870038B60C /* PersonalizeGoalsVC.xib in Resources */,
				FE2636E02C5FF76800B907CC /* Poppins-SemiBold.ttf in Resources */,
				CEAD430D2C6500610058B337 /* LoginSelectVC.xib in Resources */,
				FE2636C82C5FF32F00B907CC /* Base in Resources */,
				B94BAEAE2C64015300B043B7 /* splashAnimation.json in Resources */,
				FE2636C32C5FF32E00B907CC /* Base in Resources */,
				78607D172C6124EC008AA26B /* PersonalizeOptionVC.xib in Resources */,
				B94BAEA12C63ECBE00B043B7 /* color.xcassets in Resources */,
				B94BAEA82C63FDEF00B043B7 /* SplashVC.xib in Resources */,
				B94BAE922C6331C800B043B7 /* OnBoardingVC.xib in Resources */,
				FE2636E12C5FF76800B907CC /* Poppins-Medium.ttf in Resources */,
				786896DE2C63DD3F0038B60C /* PersonalizeGoalsCell.xib in Resources */,
				CEA024ED2C65049A00CA0CF7 /* EmailLoginVC.xib in Resources */,
			);
			runOnlyForDeploymentPostprocessing = 0;
		};
/* End PBXResourcesBuildPhase section */

/* Begin PBXSourcesBuildPhase section */
		FE2636B42C5FF32E00B907CC /* Sources */ = {
			isa = PBXSourcesBuildPhase;
			buildActionMask = 2147483647;
			files = (
				786896CC2C63CE020038B60C /* UIFlexibleGridViewItem.swift in Sources */,
				786896C82C63803A0038B60C /* UIView.swift in Sources */,
				E1A276842C66915B0056D225 /* String.swift in Sources */,
				FE2636C02C5FF32E00B907CC /* ViewController.swift in Sources */,
				786896DD2C63DD3F0038B60C /* PersonalizeGoalsCell.swift in Sources */,
				786896D12C63D8E60038B60C /* DummyData.swift in Sources */,
				7880082F2C627F2F00AA1EEA /* UIColor.swift in Sources */,
				E1A276822C668C570056D225 /* SignupVM.swift in Sources */,
				786896CA2C63CD130038B60C /* UIFlexibleGridView.swift in Sources */,
				788008352C62900500AA1EEA /* DynamicHeightCV.swift in Sources */,
				CEF628AA2C66711E00DA0C7B /* NetworkError.swift in Sources */,
				E1AFFF7C2C6CCB2600A0CD3D /* UILabel.swift in Sources */,
				CE6364712C67507B00944D1F /* LoginRequest.swift in Sources */,
				CE8A6D602C661D3F00DE54C5 /* AlamofireNetwork.swift in Sources */,
				CE8FACA72C68CDEE00A1527A /* KeychainManager.swift in Sources */,
				CEA024EC2C65049A00CA0CF7 /* EmailLoginVC.swift in Sources */,
				CEBB3F202C675CD100042C52 /* AuthRemoteDatasource.swift in Sources */,
				7880082D2C627EF500AA1EEA /* Colors.swift in Sources */,
				786896D72C63DA870038B60C /* PersonalizeGoalsVC.swift in Sources */,
				788008312C62867F00AA1EEA /* UIButton.swift in Sources */,
				7880082B2C627E6400AA1EEA /* Fonts.swift in Sources */,
				E1C5A6DB2C6766380035ABC8 /* SignupOptionsVC.swift in Sources */,
				786896C22C637D590038B60C /* PersonalizeRecipesCell.swift in Sources */,
				786896CE2C63CEE20038B60C /* FlexibleGridViewComponents.swift in Sources */,
				FE2636BC2C5FF32E00B907CC /* AppDelegate.swift in Sources */,
				E1A276862C6691C10056D225 /* Regex.swift in Sources */,
				E1A2767F2C665CC10056D225 /* SignupVC.swift in Sources */,
				CEC6BC472C677A2E0033A30E /* AuthRepository.swift in Sources */,
				CEAD430C2C6500610058B337 /* LoginSelectVC.swift in Sources */,
				CEBB3F242C676C7000042C52 /* RegisterRequest.swift in Sources */,
				CE4E86B82C667A9C0082E5AD /* AlamofireRecipeEndpoint.swift in Sources */,
				CEA024F12C65182800CA0CF7 /* MaterialTextField.swift in Sources */,
				CE6364732C67521C00944D1F /* LoginResponse.swift in Sources */,
				CE8A6D5E2C661D2F00DE54C5 /* AlamofireEndpoint.swift in Sources */,
				CEA024F82C6611E200CA0CF7 /* ValidationService.swift in Sources */,
				CEA024EF2C65152500CA0CF7 /* CustomPasswordTextField.swift in Sources */,
				CEC6BC492C677C160033A30E /* LoginVM.swift in Sources */,
				78607D182C6124EC008AA26B /* PersonalizeOptionVC.swift in Sources */,
				786896C62C637DF20038B60C /* NSObject.swift in Sources */,
				786896C42C637DBB0038B60C /* UICollectionView.swift in Sources */,
				FE2636BE2C5FF32E00B907CC /* SceneDelegate.swift in Sources */,
				E1A276772C665A600056D225 /* FloatingLabelInput.swift in Sources */,
				CEBB3F222C6768A600042C52 /* RecipeRequestInterceptor.swift in Sources */,
				B94BAE9A2C634EB200B043B7 /* OnBoardingCell.swift in Sources */,
				FE2636C02C5FF32E00B907CC /* ViewController.swift in Sources */,
				7880082F2C627F2F00AA1EEA /* UIColor.swift in Sources */,
				7880082D2C627EF500AA1EEA /* Colors.swift in Sources */,
				788008312C62867F00AA1EEA /* UIButton.swift in Sources */,
				7880082B2C627E6400AA1EEA /* Fonts.swift in Sources */,
				FE2636BC2C5FF32E00B907CC /* AppDelegate.swift in Sources */,
				B94BAEA92C63FDEF00B043B7 /* SplashVC.swift in Sources */,
				B94BAE9F2C63DD8500B043B7 /* OnBoardingEntity.swift in Sources */,
				78607D182C6124EC008AA26B /* PersonalizeOptionVC.swift in Sources */,
				FE2636BE2C5FF32E00B907CC /* SceneDelegate.swift in Sources */,
				B94BAE932C6331C800B043B7 /* OnBoardingVC.swift in Sources */,
			);
			runOnlyForDeploymentPostprocessing = 0;
		};
/* End PBXSourcesBuildPhase section */

/* Begin PBXVariantGroup section */
		FE2636C12C5FF32E00B907CC /* Main.storyboard */ = {
			isa = PBXVariantGroup;
			children = (
				FE2636C22C5FF32E00B907CC /* Base */,
			);
			name = Main.storyboard;
			sourceTree = "<group>";
		};
		FE2636C62C5FF32F00B907CC /* LaunchScreen.storyboard */ = {
			isa = PBXVariantGroup;
			children = (
				FE2636C72C5FF32F00B907CC /* Base */,
			);
			name = LaunchScreen.storyboard;
			sourceTree = "<group>";
		};
/* End PBXVariantGroup section */

/* Begin XCBuildConfiguration section */
		FE2636CA2C5FF32F00B907CC /* Debug */ = {
			isa = XCBuildConfiguration;
			buildSettings = {
				ALWAYS_SEARCH_USER_PATHS = NO;
				ASSETCATALOG_COMPILER_GENERATE_SWIFT_ASSET_SYMBOL_EXTENSIONS = YES;
				CLANG_ANALYZER_NONNULL = YES;
				CLANG_ANALYZER_NUMBER_OBJECT_CONVERSION = YES_AGGRESSIVE;
				CLANG_CXX_LANGUAGE_STANDARD = "gnu++20";
				CLANG_ENABLE_MODULES = YES;
				CLANG_ENABLE_OBJC_ARC = YES;
				CLANG_ENABLE_OBJC_WEAK = YES;
				CLANG_WARN_BLOCK_CAPTURE_AUTORELEASING = YES;
				CLANG_WARN_BOOL_CONVERSION = YES;
				CLANG_WARN_COMMA = YES;
				CLANG_WARN_CONSTANT_CONVERSION = YES;
				CLANG_WARN_DEPRECATED_OBJC_IMPLEMENTATIONS = YES;
				CLANG_WARN_DIRECT_OBJC_ISA_USAGE = YES_ERROR;
				CLANG_WARN_DOCUMENTATION_COMMENTS = YES;
				CLANG_WARN_EMPTY_BODY = YES;
				CLANG_WARN_ENUM_CONVERSION = YES;
				CLANG_WARN_INFINITE_RECURSION = YES;
				CLANG_WARN_INT_CONVERSION = YES;
				CLANG_WARN_NON_LITERAL_NULL_CONVERSION = YES;
				CLANG_WARN_OBJC_IMPLICIT_RETAIN_SELF = YES;
				CLANG_WARN_OBJC_LITERAL_CONVERSION = YES;
				CLANG_WARN_OBJC_ROOT_CLASS = YES_ERROR;
				CLANG_WARN_QUOTED_INCLUDE_IN_FRAMEWORK_HEADER = YES;
				CLANG_WARN_RANGE_LOOP_ANALYSIS = YES;
				CLANG_WARN_STRICT_PROTOTYPES = YES;
				CLANG_WARN_SUSPICIOUS_MOVE = YES;
				CLANG_WARN_UNGUARDED_AVAILABILITY = YES_AGGRESSIVE;
				CLANG_WARN_UNREACHABLE_CODE = YES;
				CLANG_WARN__DUPLICATE_METHOD_MATCH = YES;
				COPY_PHASE_STRIP = NO;
				DEBUG_INFORMATION_FORMAT = dwarf;
				ENABLE_STRICT_OBJC_MSGSEND = YES;
				ENABLE_TESTABILITY = YES;
				ENABLE_USER_SCRIPT_SANDBOXING = YES;
				GCC_C_LANGUAGE_STANDARD = gnu17;
				GCC_DYNAMIC_NO_PIC = NO;
				GCC_NO_COMMON_BLOCKS = YES;
				GCC_OPTIMIZATION_LEVEL = 0;
				GCC_PREPROCESSOR_DEFINITIONS = (
					"DEBUG=1",
					"$(inherited)",
				);
				GCC_WARN_64_TO_32_BIT_CONVERSION = YES;
				GCC_WARN_ABOUT_RETURN_TYPE = YES_ERROR;
				GCC_WARN_UNDECLARED_SELECTOR = YES;
				GCC_WARN_UNINITIALIZED_AUTOS = YES_AGGRESSIVE;
				GCC_WARN_UNUSED_FUNCTION = YES;
				GCC_WARN_UNUSED_VARIABLE = YES;
				IPHONEOS_DEPLOYMENT_TARGET = 16.2;
				LOCALIZATION_PREFERS_STRING_CATALOGS = YES;
				MTL_ENABLE_DEBUG_INFO = INCLUDE_SOURCE;
				MTL_FAST_MATH = YES;
				ONLY_ACTIVE_ARCH = YES;
				SDKROOT = iphoneos;
				SWIFT_ACTIVE_COMPILATION_CONDITIONS = "DEBUG $(inherited)";
				SWIFT_OPTIMIZATION_LEVEL = "-Onone";
			};
			name = Debug;
		};
		FE2636CB2C5FF32F00B907CC /* Release */ = {
			isa = XCBuildConfiguration;
			buildSettings = {
				ALWAYS_SEARCH_USER_PATHS = NO;
				ASSETCATALOG_COMPILER_GENERATE_SWIFT_ASSET_SYMBOL_EXTENSIONS = YES;
				CLANG_ANALYZER_NONNULL = YES;
				CLANG_ANALYZER_NUMBER_OBJECT_CONVERSION = YES_AGGRESSIVE;
				CLANG_CXX_LANGUAGE_STANDARD = "gnu++20";
				CLANG_ENABLE_MODULES = YES;
				CLANG_ENABLE_OBJC_ARC = YES;
				CLANG_ENABLE_OBJC_WEAK = YES;
				CLANG_WARN_BLOCK_CAPTURE_AUTORELEASING = YES;
				CLANG_WARN_BOOL_CONVERSION = YES;
				CLANG_WARN_COMMA = YES;
				CLANG_WARN_CONSTANT_CONVERSION = YES;
				CLANG_WARN_DEPRECATED_OBJC_IMPLEMENTATIONS = YES;
				CLANG_WARN_DIRECT_OBJC_ISA_USAGE = YES_ERROR;
				CLANG_WARN_DOCUMENTATION_COMMENTS = YES;
				CLANG_WARN_EMPTY_BODY = YES;
				CLANG_WARN_ENUM_CONVERSION = YES;
				CLANG_WARN_INFINITE_RECURSION = YES;
				CLANG_WARN_INT_CONVERSION = YES;
				CLANG_WARN_NON_LITERAL_NULL_CONVERSION = YES;
				CLANG_WARN_OBJC_IMPLICIT_RETAIN_SELF = YES;
				CLANG_WARN_OBJC_LITERAL_CONVERSION = YES;
				CLANG_WARN_OBJC_ROOT_CLASS = YES_ERROR;
				CLANG_WARN_QUOTED_INCLUDE_IN_FRAMEWORK_HEADER = YES;
				CLANG_WARN_RANGE_LOOP_ANALYSIS = YES;
				CLANG_WARN_STRICT_PROTOTYPES = YES;
				CLANG_WARN_SUSPICIOUS_MOVE = YES;
				CLANG_WARN_UNGUARDED_AVAILABILITY = YES_AGGRESSIVE;
				CLANG_WARN_UNREACHABLE_CODE = YES;
				CLANG_WARN__DUPLICATE_METHOD_MATCH = YES;
				COPY_PHASE_STRIP = NO;
				DEBUG_INFORMATION_FORMAT = "dwarf-with-dsym";
				ENABLE_NS_ASSERTIONS = NO;
				ENABLE_STRICT_OBJC_MSGSEND = YES;
				ENABLE_USER_SCRIPT_SANDBOXING = YES;
				GCC_C_LANGUAGE_STANDARD = gnu17;
				GCC_NO_COMMON_BLOCKS = YES;
				GCC_WARN_64_TO_32_BIT_CONVERSION = YES;
				GCC_WARN_ABOUT_RETURN_TYPE = YES_ERROR;
				GCC_WARN_UNDECLARED_SELECTOR = YES;
				GCC_WARN_UNINITIALIZED_AUTOS = YES_AGGRESSIVE;
				GCC_WARN_UNUSED_FUNCTION = YES;
				GCC_WARN_UNUSED_VARIABLE = YES;
				IPHONEOS_DEPLOYMENT_TARGET = 16.2;
				LOCALIZATION_PREFERS_STRING_CATALOGS = YES;
				MTL_ENABLE_DEBUG_INFO = NO;
				MTL_FAST_MATH = YES;
				SDKROOT = iphoneos;
				SWIFT_COMPILATION_MODE = wholemodule;
				VALIDATE_PRODUCT = YES;
			};
			name = Release;
		};
		FE2636CD2C5FF32F00B907CC /* Debug */ = {
			isa = XCBuildConfiguration;
			buildSettings = {
				ASSETCATALOG_COMPILER_APPICON_NAME = AppIcon;
				ASSETCATALOG_COMPILER_GLOBAL_ACCENT_COLOR_NAME = AccentColor;
				CODE_SIGN_ENTITLEMENTS = Recipe/Recipe.entitlements;
				CODE_SIGN_STYLE = Manual;
				CURRENT_PROJECT_VERSION = 1;
				DEVELOPMENT_TEAM = "";
				GENERATE_INFOPLIST_FILE = YES;
				INFOPLIST_FILE = Recipe/Info.plist;
				INFOPLIST_KEY_UIApplicationSupportsIndirectInputEvents = YES;
				INFOPLIST_KEY_UILaunchStoryboardName = LaunchScreen;
				INFOPLIST_KEY_UIMainStoryboardFile = Main;
				INFOPLIST_KEY_UISupportedInterfaceOrientations_iPad = "UIInterfaceOrientationPortrait UIInterfaceOrientationPortraitUpsideDown UIInterfaceOrientationLandscapeLeft UIInterfaceOrientationLandscapeRight";
				INFOPLIST_KEY_UISupportedInterfaceOrientations_iPhone = "UIInterfaceOrientationPortrait UIInterfaceOrientationLandscapeLeft UIInterfaceOrientationLandscapeRight";
				IPHONEOS_DEPLOYMENT_TARGET = 16.2;
				LD_RUNPATH_SEARCH_PATHS = (
					"$(inherited)",
					"@executable_path/Frameworks",
				);
				MARKETING_VERSION = 1.0;
				PRODUCT_BUNDLE_IDENTIFIER = com.sci.recipe;
				PRODUCT_NAME = "$(TARGET_NAME)";
				PROVISIONING_PROFILE_SPECIFIER = "";
				SWIFT_EMIT_LOC_STRINGS = YES;
				SWIFT_VERSION = 5.0;
				TARGETED_DEVICE_FAMILY = "1,2";
			};
			name = Debug;
		};
		FE2636CE2C5FF32F00B907CC /* Release */ = {
			isa = XCBuildConfiguration;
			buildSettings = {
				ASSETCATALOG_COMPILER_APPICON_NAME = AppIcon;
				ASSETCATALOG_COMPILER_GLOBAL_ACCENT_COLOR_NAME = AccentColor;
				CODE_SIGN_ENTITLEMENTS = Recipe/Recipe.entitlements;
				CODE_SIGN_STYLE = Manual;
				CURRENT_PROJECT_VERSION = 1;
				DEVELOPMENT_TEAM = "";
				GENERATE_INFOPLIST_FILE = YES;
				INFOPLIST_FILE = Recipe/Info.plist;
				INFOPLIST_KEY_UIApplicationSupportsIndirectInputEvents = YES;
				INFOPLIST_KEY_UILaunchStoryboardName = LaunchScreen;
				INFOPLIST_KEY_UIMainStoryboardFile = Main;
				INFOPLIST_KEY_UISupportedInterfaceOrientations_iPad = "UIInterfaceOrientationPortrait UIInterfaceOrientationPortraitUpsideDown UIInterfaceOrientationLandscapeLeft UIInterfaceOrientationLandscapeRight";
				INFOPLIST_KEY_UISupportedInterfaceOrientations_iPhone = "UIInterfaceOrientationPortrait UIInterfaceOrientationLandscapeLeft UIInterfaceOrientationLandscapeRight";
				IPHONEOS_DEPLOYMENT_TARGET = 16.2;
				LD_RUNPATH_SEARCH_PATHS = (
					"$(inherited)",
					"@executable_path/Frameworks",
				);
				MARKETING_VERSION = 1.0;
				PRODUCT_BUNDLE_IDENTIFIER = com.sci.recipe;
				PRODUCT_NAME = "$(TARGET_NAME)";
				PROVISIONING_PROFILE_SPECIFIER = "";
				SWIFT_EMIT_LOC_STRINGS = YES;
				SWIFT_VERSION = 5.0;
				TARGETED_DEVICE_FAMILY = "1,2";
			};
			name = Release;
		};
/* End XCBuildConfiguration section */

/* Begin XCConfigurationList section */
		FE2636B32C5FF32D00B907CC /* Build configuration list for PBXProject "Recipe" */ = {
			isa = XCConfigurationList;
			buildConfigurations = (
				FE2636CA2C5FF32F00B907CC /* Debug */,
				FE2636CB2C5FF32F00B907CC /* Release */,
			);
			defaultConfigurationIsVisible = 0;
			defaultConfigurationName = Release;
		};
		FE2636CC2C5FF32F00B907CC /* Build configuration list for PBXNativeTarget "Recipe" */ = {
			isa = XCConfigurationList;
			buildConfigurations = (
				FE2636CD2C5FF32F00B907CC /* Debug */,
				FE2636CE2C5FF32F00B907CC /* Release */,
			);
			defaultConfigurationIsVisible = 0;
			defaultConfigurationName = Release;
		};
/* End XCConfigurationList section */

/* Begin XCRemoteSwiftPackageReference section */
		CE8A6D592C661CA600DE54C5 /* XCRemoteSwiftPackageReference "Alamofire" */ = {
			isa = XCRemoteSwiftPackageReference;
			repositoryURL = "https://github.com/Alamofire/Alamofire.git";
			requirement = {
				kind = upToNextMajorVersion;
				minimumVersion = 5.9.1;
			};
		};
		CE8FACA82C68CEBB00A1527A /* XCRemoteSwiftPackageReference "KeychainAccess" */ = {
			isa = XCRemoteSwiftPackageReference;
			repositoryURL = "https://github.com/kishikawakatsumi/KeychainAccess.git";
			requirement = {
				branch = master;
				kind = branch;
			};
		};
		E1E1FDF32C6782C900862CFC /* XCRemoteSwiftPackageReference "facebook-ios-sdk" */ = {
			isa = XCRemoteSwiftPackageReference;
			repositoryURL = "https://github.com/facebook/facebook-ios-sdk";
			requirement = {
				kind = upToNextMajorVersion;
				minimumVersion = 14.1.0;
			};
		};
		E1E1FDF82C6782F700862CFC /* XCRemoteSwiftPackageReference "GoogleSignIn-iOS" */ = {
			isa = XCRemoteSwiftPackageReference;
			repositoryURL = "https://github.com/google/GoogleSignIn-iOS";
			requirement = {
				kind = upToNextMajorVersion;
				minimumVersion = 7.1.0;
			};
		};
		B94BAEAA2C64001F00B043B7 /* XCRemoteSwiftPackageReference "lottie-spm" */ = {
			isa = XCRemoteSwiftPackageReference;
			repositoryURL = "https://github.com/airbnb/lottie-spm.git";
			requirement = {
				kind = upToNextMajorVersion;
				minimumVersion = 4.5.0;
			};
		};
		FE2636D82C5FF58C00B907CC /* XCRemoteSwiftPackageReference "IQKeyboardManager" */ = {
			isa = XCRemoteSwiftPackageReference;
			repositoryURL = "https://github.com/hackiftekhar/IQKeyboardManager.git";
			requirement = {
				kind = upToNextMajorVersion;
				minimumVersion = 7.1.1;
			};
		};
/* End XCRemoteSwiftPackageReference section */

/* Begin XCSwiftPackageProductDependency section */
		CE8A6D5A2C661CA600DE54C5 /* Alamofire */ = {
			isa = XCSwiftPackageProductDependency;
			package = CE8A6D592C661CA600DE54C5 /* XCRemoteSwiftPackageReference "Alamofire" */;
			productName = Alamofire;
		};
		CE8FACA92C68CEBB00A1527A /* KeychainAccess */ = {
			isa = XCSwiftPackageProductDependency;
			package = CE8FACA82C68CEBB00A1527A /* XCRemoteSwiftPackageReference "KeychainAccess" */;
			productName = KeychainAccess;
		};
		E1E1FDF42C6782C900862CFC /* FacebookCore */ = {
			isa = XCSwiftPackageProductDependency;
			package = E1E1FDF32C6782C900862CFC /* XCRemoteSwiftPackageReference "facebook-ios-sdk" */;
			productName = FacebookCore;
		};
		E1E1FDF62C6782C900862CFC /* FacebookLogin */ = {
			isa = XCSwiftPackageProductDependency;
			package = E1E1FDF32C6782C900862CFC /* XCRemoteSwiftPackageReference "facebook-ios-sdk" */;
			productName = FacebookLogin;
		};
		E1E1FDF92C6782F700862CFC /* GoogleSignIn */ = {
			isa = XCSwiftPackageProductDependency;
			package = E1E1FDF82C6782F700862CFC /* XCRemoteSwiftPackageReference "GoogleSignIn-iOS" */;
			productName = GoogleSignIn;
		};
		B94BAEAB2C64001F00B043B7 /* Lottie */ = {
			isa = XCSwiftPackageProductDependency;
			package = B94BAEAA2C64001F00B043B7 /* XCRemoteSwiftPackageReference "lottie-spm" */;
			productName = Lottie;
		};
		FE2636D92C5FF58C00B907CC /* IQKeyboardManagerSwift */ = {
			isa = XCSwiftPackageProductDependency;
			package = FE2636D82C5FF58C00B907CC /* XCRemoteSwiftPackageReference "IQKeyboardManager" */;
			productName = IQKeyboardManagerSwift;
		};
/* End XCSwiftPackageProductDependency section */
	};
	rootObject = FE2636B02C5FF32D00B907CC /* Project object */;
}
